PODS:
  - Alamofire (4.7.2)
  - GenericNetworking (0.1.9):
    - Alamofire
  - Kingfisher (4.8.0)
  - MJRefresh (3.1.15.3)
  - SlideMenuControllerSwift (4.0.0)
  - SnapKit (4.0.0)
  - SwiftSoup (1.7.1)
  - V2SDK (0.0.3):
    - GenericNetworking
    - SwiftSoup

DEPENDENCIES:
  - Alamofire
  - GenericNetworking
  - Kingfisher
  - MJRefresh
  - SlideMenuControllerSwift
  - SnapKit
  - SwiftSoup
  - V2SDK (from `DevelopmentPods/V2SDK`)

SPEC REPOS:
  https://github.com/cocoapods/specs.git:
    - Alamofire
    - GenericNetworking
    - Kingfisher
    - MJRefresh
    - SlideMenuControllerSwift
    - SnapKit
    - SwiftSoup

EXTERNAL SOURCES:
  V2SDK:
    :path: DevelopmentPods/V2SDK

SPEC CHECKSUMS:
  Alamofire: e4fa87002c137ba2d8d634d2c51fabcda0d5c223
  GenericNetworking: a80a48896d250fd0bd0ab395d773e074de2580c4
  Kingfisher: 976d828df2b24834c6a3f2fc4d82cdbd26552be1
  MJRefresh: b48380ae2b927b46c4ef000de9adb8dc748e1df7
  SlideMenuControllerSwift: 021d6318201c53d4d4d3710517d43d6c556c7dd0
  SnapKit: a42d492c16e80209130a3379f73596c3454b7694
  SwiftSoup: 277f7ef548826e0ca7603a06b30d4a5df3ee0587
  V2SDK: 7e0ff403b0283d574af6c8e176589bd335dcac21

PODFILE CHECKSUM: 99e4815a833c0ecd2c6bbddc620af378a705b41c

COCOAPODS: 1.5.3
