PODS:
  - Alamofire (4.8.0)
  - Crashlytics (3.12.0):
    - Fabric (~> 1.9.0)
  - Fabric (1.9.0)
  - FDFullscreenPopGesture (1.1)
  - GenericNetworking (0.2.3):
    - Alamofire
  - Kingfisher (5.0.1)
  - MBProgressHUD (1.1.0)
  - MJRefresh (3.1.15.7)
  - SideMenu (5.0.3)
  - SKPhotoBrowser (6.0.0)
  - SnapKit (4.2.0)
  - SQLiteRepairKit (1.2.1):
    - WCDBOptimizedSQLCipher (~> 1.2.0)
  - SwiftSoup (1.7.4)
  - WCDB.swift (1.0.7.5):
    - SQLiteRepairKit (~> 1.2.0)
    - WCDBOptimizedSQLCipher (~> 1.2.0)
  - WCDBOptimizedSQLCipher (1.2.1)
  - WXActionSheet (0.0.7)

DEPENDENCIES:
  - Alamofire
  - Crashlytics
  - Fabric
  - FDFullscreenPopGesture
  - GenericNetworking
  - Kingfisher
  - MBProgressHUD
  - MJRefresh
  - SideMenu
  - SKPhotoBrowser
  - SnapKit
  - SwiftSoup
  - WCDB.swift
  - WXActionSheet

SPEC REPOS:
  https://github.com/cocoapods/specs.git:
    - Alamofire
    - Crashlytics
    - Fabric
    - FDFullscreenPopGesture
    - GenericNetworking
    - Kingfisher
    - MBProgressHUD
    - MJRefresh
    - SideMenu
    - SKPhotoBrowser
    - SnapKit
    - SQLiteRepairKit
    - SwiftSoup
    - WCDB.swift
    - WCDBOptimizedSQLCipher
    - WXActionSheet

SPEC CHECKSUMS:
  Alamofire: 3ec537f71edc9804815215393ae2b1a8ea33a844
  Crashlytics: 07fb167b1694128c1c9a5a5cc319b0e9c3ca0933
  Fabric: f988e33c97f08930a413e08123064d2e5f68d655
  FDFullscreenPopGesture: a8a620179e3d9c40e8e00256dcee1c1a27c6d0f0
  GenericNetworking: a362ad4ac9a7bf8108d72c4c8b5b9fc91a0211e4
  Kingfisher: 4f771421b9208185217550528a06fd48756cb7c2
  MBProgressHUD: e7baa36a220447d8aeb12769bf0585582f3866d9
  MJRefresh: 697f8ec75ebdbe9207767bb682cf0f51b0d8a41f
  SideMenu: 1dcaabce84538c53325c287f7fe62999379a641c
  SKPhotoBrowser: 76eb862685761707b5745fde7762757966565e07
  SnapKit: fe8a619752f3f27075cc9a90244d75c6c3f27e2a
  SQLiteRepairKit: 4d21bab9eff6a273f63da6815a0d1659e53f5bde
  SwiftSoup: 92f5b348c131aed8af04f4326db1579ab19fa08c
  WCDB.swift: 87aee41f5ca3aded9c6f9b68b0ef3e88918a5ee2
  WCDBOptimizedSQLCipher: baf44493b0c7a3d49e97bc5b64a3856f6428ddd1
  WXActionSheet: e84bc108de1bda17911b7395d7ecacfd24d55faf

PODFILE CHECKSUM: b813b71e3b2c8eb9e5a42773d20f55a00b82c0fc

COCOAPODS: 1.6.0.beta.2
