// !$*UTF8*$!
{
	archiveVersion = 1;
	classes = {
	};
	objectVersion = 50;
	objects = {

/* Begin PBXBuildFile section */
		62E1F5F34BC479671118BAB9 /* Pods_V2EX.framework in Frameworks */ = {isa = PBXBuildFile; fileRef = 251A02DE1C80AA5F05653242 /* Pods_V2EX.framework */; };
		A302F69021A3F2A000A15BA7 /* RightMenuViewController.swift in Sources */ = {isa = PBXBuildFile; fileRef = A302F68F21A3F2A000A15BA7 /* RightMenuViewController.swift */; };
		A30A2A9E21BA557600D014C5 /* AboutViewController.swift in Sources */ = {isa = PBXBuildFile; fileRef = A30A2A9D21BA557600D014C5 /* AboutViewController.swift */; };
		A30A78F021A7DA590041A744 /* opensource.json in Resources */ = {isa = PBXBuildFile; fileRef = A30A78EF21A7DA590041A744 /* opensource.json */; };
		A31DF70A21A6B51100618AD5 /* SettingTableModel.swift in Sources */ = {isa = PBXBuildFile; fileRef = A31DF70921A6B51100618AD5 /* SettingTableModel.swift */; };
		A31DF70C21A6B74500618AD5 /* SettingViewCell.swift in Sources */ = {isa = PBXBuildFile; fileRef = A31DF70B21A6B74500618AD5 /* SettingViewCell.swift */; };
		A31F9C4C21BFD78E00AD9846 /* NotificationViewCell.swift in Sources */ = {isa = PBXBuildFile; fileRef = A31F9C4B21BFD78E00AD9846 /* NotificationViewCell.swift */; };
		A335F6C3219ABDC9003BDE77 /* UINavigationBarExtensions.swift in Sources */ = {isa = PBXBuildFile; fileRef = A335F6C2219ABDC9003BDE77 /* UINavigationBarExtensions.swift */; };
		A336980921B6AD2700F1B808 /* UserReplyListViewController.swift in Sources */ = {isa = PBXBuildFile; fileRef = A336980821B6AD2700F1B808 /* UserReplyListViewController.swift */; };
		A33C4E2321943BF00039E347 /* MenuViewController.swift in Sources */ = {isa = PBXBuildFile; fileRef = A33C4E2221943BF00039E347 /* MenuViewController.swift */; };
		A33E18C021BE3DC50084FF29 /* ProfileHeaderView.swift in Sources */ = {isa = PBXBuildFile; fileRef = A33E18BF21BE3DC50084FF29 /* ProfileHeaderView.swift */; };
		A33E18C221BE3E540084FF29 /* NotificationsViewController.swift in Sources */ = {isa = PBXBuildFile; fileRef = A33E18C121BE3E540084FF29 /* NotificationsViewController.swift */; };
		A33E18C421BE3EE80084FF29 /* Strings.swift in Sources */ = {isa = PBXBuildFile; fileRef = A33E18C321BE3EE80084FF29 /* Strings.swift */; };
		A34A5D6C21AB9BCD00ED2F88 /* Node.swift in Sources */ = {isa = PBXBuildFile; fileRef = A34A5D6B21AB9BCD00ED2F88 /* Node.swift */; };
		A34A5D7121ABBD4900ED2F88 /* AppContext.swift in Sources */ = {isa = PBXBuildFile; fileRef = A34A5D7021ABBD4900ED2F88 /* AppContext.swift */; };
		A358548420E1D51600C76393 /* TopicDetailViewController.swift in Sources */ = {isa = PBXBuildFile; fileRef = A358548320E1D51600C76393 /* TopicDetailViewController.swift */; };
		A358548620E1D5A000C76393 /* LoginViewController.swift in Sources */ = {isa = PBXBuildFile; fileRef = A358548520E1D5A000C76393 /* LoginViewController.swift */; };
		A358549020E1F4A600C76393 /* TopicCommentViewCell.swift in Sources */ = {isa = PBXBuildFile; fileRef = A358548F20E1F4A600C76393 /* TopicCommentViewCell.swift */; };
		A358549520E2048300C76393 /* OpenSourceViewController.swift in Sources */ = {isa = PBXBuildFile; fileRef = A358549420E2048300C76393 /* OpenSourceViewController.swift */; };
		A358549720E205E600C76393 /* SettingsViewController.swift in Sources */ = {isa = PBXBuildFile; fileRef = A358549620E205E600C76393 /* SettingsViewController.swift */; };
		A358549920E2071900C76393 /* UIStoryboardExtensions.swift in Sources */ = {isa = PBXBuildFile; fileRef = A358549820E2071900C76393 /* UIStoryboardExtensions.swift */; };
		A3691745219E911A002DA8E3 /* ActionSheet.swift in Sources */ = {isa = PBXBuildFile; fileRef = A3691744219E911A002DA8E3 /* ActionSheet.swift */; };
		A36D0FA9219D809800E20EFB /* V2SDK.swift in Sources */ = {isa = PBXBuildFile; fileRef = A36D0FA8219D809800E20EFB /* V2SDK.swift */; };
		A36D0FAD219D80E400E20EFB /* V2DataManager.swift in Sources */ = {isa = PBXBuildFile; fileRef = A36D0FAC219D80E400E20EFB /* V2DataManager.swift */; };
		A36D0FB5219D81B500E20EFB /* V2SDK+Search.swift in Sources */ = {isa = PBXBuildFile; fileRef = A36D0FB4219D81B500E20EFB /* V2SDK+Search.swift */; };
		A36EAFCB219FEEB2000DA4A3 /* V2Tab.swift in Sources */ = {isa = PBXBuildFile; fileRef = A36EAFCA219FEEB2000DA4A3 /* V2Tab.swift */; };
		A36EAFCD219FEEDB000DA4A3 /* Topic.swift in Sources */ = {isa = PBXBuildFile; fileRef = A36EAFCC219FEEDB000DA4A3 /* Topic.swift */; };
		A36EAFCF219FEF01000DA4A3 /* TopicDetail.swift in Sources */ = {isa = PBXBuildFile; fileRef = A36EAFCE219FEF01000DA4A3 /* TopicDetail.swift */; };
		A36EAFD1219FEF46000DA4A3 /* Reply.swift in Sources */ = {isa = PBXBuildFile; fileRef = A36EAFD0219FEF46000DA4A3 /* Reply.swift */; };
		A3704DD320E0EB8F0052576D /* TimelineViewCell.swift in Sources */ = {isa = PBXBuildFile; fileRef = A3704DD220E0EB8F0052576D /* TimelineViewCell.swift */; };
		A3704DD620E0FA950052576D /* StringExtensions.swift in Sources */ = {isa = PBXBuildFile; fileRef = A3704DD520E0FA950052576D /* StringExtensions.swift */; };
		A372EF4721AFFAC100EAD3DB /* AppFont.swift in Sources */ = {isa = PBXBuildFile; fileRef = A372EF4621AFFAC100EAD3DB /* AppFont.swift */; };
		A373C68621B505F000C919AD /* UserProfileResponse.swift in Sources */ = {isa = PBXBuildFile; fileRef = A373C68521B505F000C919AD /* UserProfileResponse.swift */; };
		A373C68821B5154800C919AD /* UserProfileHeaderView.swift in Sources */ = {isa = PBXBuildFile; fileRef = A373C68721B5154800C919AD /* UserProfileHeaderView.swift */; };
		A373C68A21B5411C00C919AD /* UserCommentViewCell.swift in Sources */ = {isa = PBXBuildFile; fileRef = A373C68921B5411C00C919AD /* UserCommentViewCell.swift */; };
		A379E9BA210DCFE000FA2169 /* TopicDetailViewCell.swift in Sources */ = {isa = PBXBuildFile; fileRef = A379E9B9210DCFE000FA2169 /* TopicDetailViewCell.swift */; };
		A379E9BC210DF33900FA2169 /* style.css in Resources */ = {isa = PBXBuildFile; fileRef = A379E9BB210DF33900FA2169 /* style.css */; };
		A379EA3A2121C48800FA2169 /* SearchViewController.swift in Sources */ = {isa = PBXBuildFile; fileRef = A379EA392121C48800FA2169 /* SearchViewController.swift */; };
		A379EA3D2121C4DC00FA2169 /* ProfileViewController.swift in Sources */ = {isa = PBXBuildFile; fileRef = A379EA3C2121C4DC00FA2169 /* ProfileViewController.swift */; };
		A379EA3F212259C500FA2169 /* AllNodesViewController.swift in Sources */ = {isa = PBXBuildFile; fileRef = A379EA3E212259C500FA2169 /* AllNodesViewController.swift */; };
		A37A971221212A37000DFF1E /* UIViewExtensions.swift in Sources */ = {isa = PBXBuildFile; fileRef = A37A971121212A37000DFF1E /* UIViewExtensions.swift */; };
		A37A971421212A58000DFF1E /* UIViewControllerExtensions.swift in Sources */ = {isa = PBXBuildFile; fileRef = A37A971321212A58000DFF1E /* UIViewControllerExtensions.swift */; };
		A37A971621212C56000DFF1E /* UIColorExtensions.swift in Sources */ = {isa = PBXBuildFile; fileRef = A37A971521212C56000DFF1E /* UIColorExtensions.swift */; };
		A37F192E21A25CE7001BCC0A /* AppSettings.swift in Sources */ = {isa = PBXBuildFile; fileRef = A37F192D21A25CE7001BCC0A /* AppSettings.swift */; };
		A37F193021A28A55001BCC0A /* dark.css in Resources */ = {isa = PBXBuildFile; fileRef = A37F192F21A28A55001BCC0A /* dark.css */; };
		A37F193221A2A469001BCC0A /* light.css in Resources */ = {isa = PBXBuildFile; fileRef = A37F193121A2A469001BCC0A /* light.css */; };
		A37F193421A2B671001BCC0A /* Utility.swift in Sources */ = {isa = PBXBuildFile; fileRef = A37F193321A2B671001BCC0A /* Utility.swift */; };
		A384528D2195749A0097A6A9 /* MenuTableViewCell.swift in Sources */ = {isa = PBXBuildFile; fileRef = A384528C2195749A0097A6A9 /* MenuTableViewCell.swift */; };
		A38D0EAA20DCEA4000F7C932 /* AppDelegate.swift in Sources */ = {isa = PBXBuildFile; fileRef = A38D0EA920DCEA4000F7C932 /* AppDelegate.swift */; };
		A38D0EAF20DCEA4000F7C932 /* Main.storyboard in Resources */ = {isa = PBXBuildFile; fileRef = A38D0EAD20DCEA4000F7C932 /* Main.storyboard */; };
		A38D0EB120DCEA4100F7C932 /* Assets.xcassets in Resources */ = {isa = PBXBuildFile; fileRef = A38D0EB020DCEA4100F7C932 /* Assets.xcassets */; };
		A38D0EB420DCEA4100F7C932 /* LaunchScreen.storyboard in Resources */ = {isa = PBXBuildFile; fileRef = A38D0EB220DCEA4100F7C932 /* LaunchScreen.storyboard */; };
		A38D0EC820DD060900F7C932 /* TimelineViewController.swift in Sources */ = {isa = PBXBuildFile; fileRef = A38D0EC720DD060900F7C932 /* TimelineViewController.swift */; };
		A3A39CA520E181A4000B07F0 /* Theme.swift in Sources */ = {isa = PBXBuildFile; fileRef = A3A39CA420E181A4000B07F0 /* Theme.swift */; };
		A3A9E62E21AE7AA700680FC5 /* DisplaySettingsViewController.swift in Sources */ = {isa = PBXBuildFile; fileRef = A3A9E62D21AE7AA700680FC5 /* DisplaySettingsViewController.swift */; };
		A3DCB07F21AA9D8A005FD955 /* allnodes.json in Resources */ = {isa = PBXBuildFile; fileRef = A3DCB07E21AA9D8A005FD955 /* allnodes.json */; };
		A3DCB08321B2B270005FD955 /* LoginFormData.swift in Sources */ = {isa = PBXBuildFile; fileRef = A3DCB08221B2B270005FD955 /* LoginFormData.swift */; };
		A3DCB08521B392FB005FD955 /* Account.swift in Sources */ = {isa = PBXBuildFile; fileRef = A3DCB08421B392FA005FD955 /* Account.swift */; };
		A3DCB08721B3FB2E005FD955 /* UserProfileViewController.swift in Sources */ = {isa = PBXBuildFile; fileRef = A3DCB08621B3FB2E005FD955 /* UserProfileViewController.swift */; };
		A3DCB08921BB76A9005FD955 /* HUD.swift in Sources */ = {isa = PBXBuildFile; fileRef = A3DCB08821BB76A9005FD955 /* HUD.swift */; };
		A3DCB08B21BBF90A005FD955 /* V2SDK+Upload.swift in Sources */ = {isa = PBXBuildFile; fileRef = A3DCB08A21BBF909005FD955 /* V2SDK+Upload.swift */; };
		A3DCB08D21BCB8FD005FD955 /* BalanceViewController.swift in Sources */ = {isa = PBXBuildFile; fileRef = A3DCB08C21BCB8FD005FD955 /* BalanceViewController.swift */; };
		A3DCB08F21BCD822005FD955 /* MainNavigationController.swift in Sources */ = {isa = PBXBuildFile; fileRef = A3DCB08E21BCD822005FD955 /* MainNavigationController.swift */; };
		A3DCB09121BD326D005FD955 /* NotificationExtensions.swift in Sources */ = {isa = PBXBuildFile; fileRef = A3DCB09021BD326D005FD955 /* NotificationExtensions.swift */; };
		A3DFFDF5211C3063005818BC /* MainViewController.swift in Sources */ = {isa = PBXBuildFile; fileRef = A3DFFDF4211C3063005818BC /* MainViewController.swift */; };
		A3F788B721B7A405002B2F99 /* EndPoint.swift in Sources */ = {isa = PBXBuildFile; fileRef = A3F788B621B7A405002B2F99 /* EndPoint.swift */; };
		A3F788B921B7AD49002B2F99 /* HTMLParser.swift in Sources */ = {isa = PBXBuildFile; fileRef = A3F788B821B7AD49002B2F99 /* HTMLParser.swift */; };
/* End PBXBuildFile section */

/* Begin PBXFileReference section */
		251A02DE1C80AA5F05653242 /* Pods_V2EX.framework */ = {isa = PBXFileReference; explicitFileType = wrapper.framework; includeInIndex = 0; path = Pods_V2EX.framework; sourceTree = BUILT_PRODUCTS_DIR; };
		A302F68F21A3F2A000A15BA7 /* RightMenuViewController.swift */ = {isa = PBXFileReference; lastKnownFileType = sourcecode.swift; path = RightMenuViewController.swift; sourceTree = "<group>"; };
		A30A2A9D21BA557600D014C5 /* AboutViewController.swift */ = {isa = PBXFileReference; lastKnownFileType = sourcecode.swift; path = AboutViewController.swift; sourceTree = "<group>"; };
		A30A78EF21A7DA590041A744 /* opensource.json */ = {isa = PBXFileReference; lastKnownFileType = text.json; path = opensource.json; sourceTree = "<group>"; };
		A31DF70921A6B51100618AD5 /* SettingTableModel.swift */ = {isa = PBXFileReference; lastKnownFileType = sourcecode.swift; path = SettingTableModel.swift; sourceTree = "<group>"; };
		A31DF70B21A6B74500618AD5 /* SettingViewCell.swift */ = {isa = PBXFileReference; lastKnownFileType = sourcecode.swift; path = SettingViewCell.swift; sourceTree = "<group>"; };
		A31F9C4B21BFD78E00AD9846 /* NotificationViewCell.swift */ = {isa = PBXFileReference; lastKnownFileType = sourcecode.swift; path = NotificationViewCell.swift; sourceTree = "<group>"; };
		A335F6C2219ABDC9003BDE77 /* UINavigationBarExtensions.swift */ = {isa = PBXFileReference; lastKnownFileType = sourcecode.swift; path = UINavigationBarExtensions.swift; sourceTree = "<group>"; };
		A336980821B6AD2700F1B808 /* UserReplyListViewController.swift */ = {isa = PBXFileReference; lastKnownFileType = sourcecode.swift; path = UserReplyListViewController.swift; sourceTree = "<group>"; };
		A33C4E2221943BF00039E347 /* MenuViewController.swift */ = {isa = PBXFileReference; lastKnownFileType = sourcecode.swift; path = MenuViewController.swift; sourceTree = "<group>"; };
		A33E18BF21BE3DC50084FF29 /* ProfileHeaderView.swift */ = {isa = PBXFileReference; lastKnownFileType = sourcecode.swift; path = ProfileHeaderView.swift; sourceTree = "<group>"; };
		A33E18C121BE3E540084FF29 /* NotificationsViewController.swift */ = {isa = PBXFileReference; lastKnownFileType = sourcecode.swift; path = NotificationsViewController.swift; sourceTree = "<group>"; };
		A33E18C321BE3EE80084FF29 /* Strings.swift */ = {isa = PBXFileReference; lastKnownFileType = sourcecode.swift; path = Strings.swift; sourceTree = "<group>"; };
		A34A5D6B21AB9BCD00ED2F88 /* Node.swift */ = {isa = PBXFileReference; lastKnownFileType = sourcecode.swift; path = Node.swift; sourceTree = "<group>"; };
		A34A5D7021ABBD4900ED2F88 /* AppContext.swift */ = {isa = PBXFileReference; lastKnownFileType = sourcecode.swift; path = AppContext.swift; sourceTree = "<group>"; };
		A358548320E1D51600C76393 /* TopicDetailViewController.swift */ = {isa = PBXFileReference; lastKnownFileType = sourcecode.swift; path = TopicDetailViewController.swift; sourceTree = "<group>"; };
		A358548520E1D5A000C76393 /* LoginViewController.swift */ = {isa = PBXFileReference; lastKnownFileType = sourcecode.swift; path = LoginViewController.swift; sourceTree = "<group>"; };
		A358548F20E1F4A600C76393 /* TopicCommentViewCell.swift */ = {isa = PBXFileReference; lastKnownFileType = sourcecode.swift; path = TopicCommentViewCell.swift; sourceTree = "<group>"; };
		A358549420E2048300C76393 /* OpenSourceViewController.swift */ = {isa = PBXFileReference; lastKnownFileType = sourcecode.swift; path = OpenSourceViewController.swift; sourceTree = "<group>"; };
		A358549620E205E600C76393 /* SettingsViewController.swift */ = {isa = PBXFileReference; lastKnownFileType = sourcecode.swift; path = SettingsViewController.swift; sourceTree = "<group>"; };
		A358549820E2071900C76393 /* UIStoryboardExtensions.swift */ = {isa = PBXFileReference; lastKnownFileType = sourcecode.swift; path = UIStoryboardExtensions.swift; sourceTree = "<group>"; };
		A3691744219E911A002DA8E3 /* ActionSheet.swift */ = {isa = PBXFileReference; lastKnownFileType = sourcecode.swift; path = ActionSheet.swift; sourceTree = "<group>"; };
		A36D0FA8219D809800E20EFB /* V2SDK.swift */ = {isa = PBXFileReference; lastKnownFileType = sourcecode.swift; path = V2SDK.swift; sourceTree = "<group>"; };
		A36D0FAC219D80E400E20EFB /* V2DataManager.swift */ = {isa = PBXFileReference; lastKnownFileType = sourcecode.swift; path = V2DataManager.swift; sourceTree = "<group>"; };
		A36D0FB4219D81B500E20EFB /* V2SDK+Search.swift */ = {isa = PBXFileReference; lastKnownFileType = sourcecode.swift; path = "V2SDK+Search.swift"; sourceTree = "<group>"; };
		A36EAFCA219FEEB2000DA4A3 /* V2Tab.swift */ = {isa = PBXFileReference; lastKnownFileType = sourcecode.swift; path = V2Tab.swift; sourceTree = "<group>"; };
		A36EAFCC219FEEDB000DA4A3 /* Topic.swift */ = {isa = PBXFileReference; lastKnownFileType = sourcecode.swift; path = Topic.swift; sourceTree = "<group>"; };
		A36EAFCE219FEF01000DA4A3 /* TopicDetail.swift */ = {isa = PBXFileReference; lastKnownFileType = sourcecode.swift; path = TopicDetail.swift; sourceTree = "<group>"; };
		A36EAFD0219FEF46000DA4A3 /* Reply.swift */ = {isa = PBXFileReference; lastKnownFileType = sourcecode.swift; path = Reply.swift; sourceTree = "<group>"; };
		A3704DD220E0EB8F0052576D /* TimelineViewCell.swift */ = {isa = PBXFileReference; lastKnownFileType = sourcecode.swift; path = TimelineViewCell.swift; sourceTree = "<group>"; };
		A3704DD520E0FA950052576D /* StringExtensions.swift */ = {isa = PBXFileReference; lastKnownFileType = sourcecode.swift; path = StringExtensions.swift; sourceTree = "<group>"; };
		A372EF4621AFFAC100EAD3DB /* AppFont.swift */ = {isa = PBXFileReference; lastKnownFileType = sourcecode.swift; path = AppFont.swift; sourceTree = "<group>"; };
		A373C68521B505F000C919AD /* UserProfileResponse.swift */ = {isa = PBXFileReference; lastKnownFileType = sourcecode.swift; path = UserProfileResponse.swift; sourceTree = "<group>"; };
		A373C68721B5154800C919AD /* UserProfileHeaderView.swift */ = {isa = PBXFileReference; lastKnownFileType = sourcecode.swift; path = UserProfileHeaderView.swift; sourceTree = "<group>"; };
		A373C68921B5411C00C919AD /* UserCommentViewCell.swift */ = {isa = PBXFileReference; lastKnownFileType = sourcecode.swift; path = UserCommentViewCell.swift; sourceTree = "<group>"; };
		A379E9B9210DCFE000FA2169 /* TopicDetailViewCell.swift */ = {isa = PBXFileReference; lastKnownFileType = sourcecode.swift; path = TopicDetailViewCell.swift; sourceTree = "<group>"; };
		A379E9BB210DF33900FA2169 /* style.css */ = {isa = PBXFileReference; lastKnownFileType = text.css; path = style.css; sourceTree = "<group>"; };
		A379EA392121C48800FA2169 /* SearchViewController.swift */ = {isa = PBXFileReference; lastKnownFileType = sourcecode.swift; path = SearchViewController.swift; sourceTree = "<group>"; };
		A379EA3C2121C4DC00FA2169 /* ProfileViewController.swift */ = {isa = PBXFileReference; lastKnownFileType = sourcecode.swift; path = ProfileViewController.swift; sourceTree = "<group>"; };
		A379EA3E212259C500FA2169 /* AllNodesViewController.swift */ = {isa = PBXFileReference; lastKnownFileType = sourcecode.swift; path = AllNodesViewController.swift; sourceTree = "<group>"; };
		A37A971121212A37000DFF1E /* UIViewExtensions.swift */ = {isa = PBXFileReference; lastKnownFileType = sourcecode.swift; path = UIViewExtensions.swift; sourceTree = "<group>"; };
		A37A971321212A58000DFF1E /* UIViewControllerExtensions.swift */ = {isa = PBXFileReference; lastKnownFileType = sourcecode.swift; path = UIViewControllerExtensions.swift; sourceTree = "<group>"; };
		A37A971521212C56000DFF1E /* UIColorExtensions.swift */ = {isa = PBXFileReference; lastKnownFileType = sourcecode.swift; path = UIColorExtensions.swift; sourceTree = "<group>"; };
		A37F192D21A25CE7001BCC0A /* AppSettings.swift */ = {isa = PBXFileReference; lastKnownFileType = sourcecode.swift; path = AppSettings.swift; sourceTree = "<group>"; };
		A37F192F21A28A55001BCC0A /* dark.css */ = {isa = PBXFileReference; lastKnownFileType = text.css; path = dark.css; sourceTree = "<group>"; };
		A37F193121A2A469001BCC0A /* light.css */ = {isa = PBXFileReference; lastKnownFileType = text.css; path = light.css; sourceTree = "<group>"; };
		A37F193321A2B671001BCC0A /* Utility.swift */ = {isa = PBXFileReference; lastKnownFileType = sourcecode.swift; path = Utility.swift; sourceTree = "<group>"; };
		A384528C2195749A0097A6A9 /* MenuTableViewCell.swift */ = {isa = PBXFileReference; lastKnownFileType = sourcecode.swift; path = MenuTableViewCell.swift; sourceTree = "<group>"; };
		A38D0EA620DCEA4000F7C932 /* V2EX.app */ = {isa = PBXFileReference; explicitFileType = wrapper.application; includeInIndex = 0; path = V2EX.app; sourceTree = BUILT_PRODUCTS_DIR; };
		A38D0EA920DCEA4000F7C932 /* AppDelegate.swift */ = {isa = PBXFileReference; lastKnownFileType = sourcecode.swift; path = AppDelegate.swift; sourceTree = "<group>"; };
		A38D0EAE20DCEA4000F7C932 /* Base */ = {isa = PBXFileReference; lastKnownFileType = file.storyboard; name = Base; path = Base.lproj/Main.storyboard; sourceTree = "<group>"; };
		A38D0EB020DCEA4100F7C932 /* Assets.xcassets */ = {isa = PBXFileReference; lastKnownFileType = folder.assetcatalog; path = Assets.xcassets; sourceTree = "<group>"; };
		A38D0EB320DCEA4100F7C932 /* Base */ = {isa = PBXFileReference; lastKnownFileType = file.storyboard; name = Base; path = Base.lproj/LaunchScreen.storyboard; sourceTree = "<group>"; };
		A38D0EB520DCEA4100F7C932 /* Info.plist */ = {isa = PBXFileReference; lastKnownFileType = text.plist.xml; path = Info.plist; sourceTree = "<group>"; };
		A38D0EC720DD060900F7C932 /* TimelineViewController.swift */ = {isa = PBXFileReference; lastKnownFileType = sourcecode.swift; path = TimelineViewController.swift; sourceTree = "<group>"; };
		A3A39CA420E181A4000B07F0 /* Theme.swift */ = {isa = PBXFileReference; lastKnownFileType = sourcecode.swift; path = Theme.swift; sourceTree = "<group>"; };
		A3A9E62D21AE7AA700680FC5 /* DisplaySettingsViewController.swift */ = {isa = PBXFileReference; lastKnownFileType = sourcecode.swift; path = DisplaySettingsViewController.swift; sourceTree = "<group>"; };
		A3DCB07E21AA9D8A005FD955 /* allnodes.json */ = {isa = PBXFileReference; lastKnownFileType = text.json; path = allnodes.json; sourceTree = "<group>"; };
		A3DCB08221B2B270005FD955 /* LoginFormData.swift */ = {isa = PBXFileReference; lastKnownFileType = sourcecode.swift; path = LoginFormData.swift; sourceTree = "<group>"; };
		A3DCB08421B392FA005FD955 /* Account.swift */ = {isa = PBXFileReference; lastKnownFileType = sourcecode.swift; path = Account.swift; sourceTree = "<group>"; };
		A3DCB08621B3FB2E005FD955 /* UserProfileViewController.swift */ = {isa = PBXFileReference; lastKnownFileType = sourcecode.swift; path = UserProfileViewController.swift; sourceTree = "<group>"; };
		A3DCB08821BB76A9005FD955 /* HUD.swift */ = {isa = PBXFileReference; lastKnownFileType = sourcecode.swift; path = HUD.swift; sourceTree = "<group>"; };
		A3DCB08A21BBF909005FD955 /* V2SDK+Upload.swift */ = {isa = PBXFileReference; lastKnownFileType = sourcecode.swift; path = "V2SDK+Upload.swift"; sourceTree = "<group>"; };
		A3DCB08C21BCB8FD005FD955 /* BalanceViewController.swift */ = {isa = PBXFileReference; lastKnownFileType = sourcecode.swift; path = BalanceViewController.swift; sourceTree = "<group>"; };
		A3DCB08E21BCD822005FD955 /* MainNavigationController.swift */ = {isa = PBXFileReference; lastKnownFileType = sourcecode.swift; path = MainNavigationController.swift; sourceTree = "<group>"; };
		A3DCB09021BD326D005FD955 /* NotificationExtensions.swift */ = {isa = PBXFileReference; lastKnownFileType = sourcecode.swift; path = NotificationExtensions.swift; sourceTree = "<group>"; };
		A3DFFDF4211C3063005818BC /* MainViewController.swift */ = {isa = PBXFileReference; lastKnownFileType = sourcecode.swift; path = MainViewController.swift; sourceTree = "<group>"; };
		A3F788B621B7A405002B2F99 /* EndPoint.swift */ = {isa = PBXFileReference; lastKnownFileType = sourcecode.swift; path = EndPoint.swift; sourceTree = "<group>"; };
		A3F788B821B7AD49002B2F99 /* HTMLParser.swift */ = {isa = PBXFileReference; lastKnownFileType = sourcecode.swift; path = HTMLParser.swift; sourceTree = "<group>"; };
		A5FB8519D0C8263AA786EE50 /* Pods-V2EX.debug.xcconfig */ = {isa = PBXFileReference; includeInIndex = 1; lastKnownFileType = text.xcconfig; name = "Pods-V2EX.debug.xcconfig"; path = "Pods/Target Support Files/Pods-V2EX/Pods-V2EX.debug.xcconfig"; sourceTree = "<group>"; };
		B4AC35F723942C404A14CBA3 /* Pods-V2EX.release.xcconfig */ = {isa = PBXFileReference; includeInIndex = 1; lastKnownFileType = text.xcconfig; name = "Pods-V2EX.release.xcconfig"; path = "Pods/Target Support Files/Pods-V2EX/Pods-V2EX.release.xcconfig"; sourceTree = "<group>"; };
/* End PBXFileReference section */

/* Begin PBXFrameworksBuildPhase section */
		A38D0EA320DCEA4000F7C932 /* Frameworks */ = {
			isa = PBXFrameworksBuildPhase;
			buildActionMask = 2147483647;
			files = (
				62E1F5F34BC479671118BAB9 /* Pods_V2EX.framework in Frameworks */,
			);
			runOnlyForDeploymentPostprocessing = 0;
		};
/* End PBXFrameworksBuildPhase section */

/* Begin PBXGroup section */
		0B3BBBD6221F55CFE5836225 /* Pods */ = {
			isa = PBXGroup;
			children = (
				A5FB8519D0C8263AA786EE50 /* Pods-V2EX.debug.xcconfig */,
				B4AC35F723942C404A14CBA3 /* Pods-V2EX.release.xcconfig */,
			);
			name = Pods;
			sourceTree = "<group>";
		};
		A33C4E2121943BC70039E347 /* MenuViewController */ = {
			isa = PBXGroup;
			children = (
				A33C4E2221943BF00039E347 /* MenuViewController.swift */,
				A384528C2195749A0097A6A9 /* MenuTableViewCell.swift */,
				A302F68F21A3F2A000A15BA7 /* RightMenuViewController.swift */,
			);
			path = MenuViewController;
			sourceTree = "<group>";
		};
		A34A5D6F21ABBD3800ED2F88 /* Context */ = {
			isa = PBXGroup;
			children = (
				A34A5D7021ABBD4900ED2F88 /* AppContext.swift */,
				A37F192D21A25CE7001BCC0A /* AppSettings.swift */,
			);
			path = Context;
			sourceTree = "<group>";
		};
		A358548720E1D65A00C76393 /* Supporting Files */ = {
			isa = PBXGroup;
			children = (
				A38D0EB520DCEA4100F7C932 /* Info.plist */,
				A38D0EAD20DCEA4000F7C932 /* Main.storyboard */,
				A38D0EB220DCEA4100F7C932 /* LaunchScreen.storyboard */,
				A38D0EB020DCEA4100F7C932 /* Assets.xcassets */,
				A30A78EF21A7DA590041A744 /* opensource.json */,
				A3DCB07E21AA9D8A005FD955 /* allnodes.json */,
			);
			path = "Supporting Files";
			sourceTree = "<group>";
		};
		A358548820E1D68F00C76393 /* Application */ = {
			isa = PBXGroup;
			children = (
				A379EA3B2121C4CE00FA2169 /* UserProfile */,
				A379EA382121C47800FA2169 /* Search */,
				A3DFFDF3211C3049005818BC /* MainViewController */,
				A33C4E2121943BC70039E347 /* MenuViewController */,
				A358548920E1D69900C76393 /* Account */,
				A358548A20E1D6AE00C76393 /* Timeline */,
				A358548E20E1D72400C76393 /* Node */,
				A358548D20E1D71800C76393 /* Topic */,
				A358549120E2043900C76393 /* Settings */,
			);
			path = Application;
			sourceTree = "<group>";
		};
		A358548920E1D69900C76393 /* Account */ = {
			isa = PBXGroup;
			children = (
				A379EA3C2121C4DC00FA2169 /* ProfileViewController.swift */,
				A33E18BF21BE3DC50084FF29 /* ProfileHeaderView.swift */,
				A358548520E1D5A000C76393 /* LoginViewController.swift */,
				A3DCB08C21BCB8FD005FD955 /* BalanceViewController.swift */,
				A33E18C121BE3E540084FF29 /* NotificationsViewController.swift */,
				A31F9C4B21BFD78E00AD9846 /* NotificationViewCell.swift */,
			);
			path = Account;
			sourceTree = "<group>";
		};
		A358548A20E1D6AE00C76393 /* Timeline */ = {
			isa = PBXGroup;
			children = (
				A3704DD220E0EB8F0052576D /* TimelineViewCell.swift */,
				A38D0EC720DD060900F7C932 /* TimelineViewController.swift */,
			);
			path = Timeline;
			sourceTree = "<group>";
		};
		A358548B20E1D6D200C76393 /* Common */ = {
			isa = PBXGroup;
			children = (
				A3691744219E911A002DA8E3 /* ActionSheet.swift */,
				A37F193321A2B671001BCC0A /* Utility.swift */,
				A3DCB08821BB76A9005FD955 /* HUD.swift */,
				A33E18C321BE3EE80084FF29 /* Strings.swift */,
			);
			path = Common;
			sourceTree = "<group>";
		};
		A358548D20E1D71800C76393 /* Topic */ = {
			isa = PBXGroup;
			children = (
				A358548320E1D51600C76393 /* TopicDetailViewController.swift */,
				A358548F20E1F4A600C76393 /* TopicCommentViewCell.swift */,
				A379E9B9210DCFE000FA2169 /* TopicDetailViewCell.swift */,
			);
			path = Topic;
			sourceTree = "<group>";
		};
		A358548E20E1D72400C76393 /* Node */ = {
			isa = PBXGroup;
			children = (
				A379EA3E212259C500FA2169 /* AllNodesViewController.swift */,
			);
			path = Node;
			sourceTree = "<group>";
		};
		A358549120E2043900C76393 /* Settings */ = {
			isa = PBXGroup;
			children = (
				A31DF70921A6B51100618AD5 /* SettingTableModel.swift */,
				A31DF70B21A6B74500618AD5 /* SettingViewCell.swift */,
				A358549620E205E600C76393 /* SettingsViewController.swift */,
				A358549420E2048300C76393 /* OpenSourceViewController.swift */,
				A3A9E62D21AE7AA700680FC5 /* DisplaySettingsViewController.swift */,
				A30A2A9D21BA557600D014C5 /* AboutViewController.swift */,
			);
			path = Settings;
			sourceTree = "<group>";
		};
		A36D0FA7219D808000E20EFB /* Networking */ = {
			isa = PBXGroup;
			children = (
				A36D0FAC219D80E400E20EFB /* V2DataManager.swift */,
				A36D0FA8219D809800E20EFB /* V2SDK.swift */,
				A36D0FB4219D81B500E20EFB /* V2SDK+Search.swift */,
				A3DCB08A21BBF909005FD955 /* V2SDK+Upload.swift */,
				A3F788B621B7A405002B2F99 /* EndPoint.swift */,
				A3F788B821B7AD49002B2F99 /* HTMLParser.swift */,
			);
			path = Networking;
			sourceTree = "<group>";
		};
		A36EAFC9219FEE8E000DA4A3 /* Models */ = {
			isa = PBXGroup;
			children = (
				A36EAFCA219FEEB2000DA4A3 /* V2Tab.swift */,
				A36EAFCC219FEEDB000DA4A3 /* Topic.swift */,
				A36EAFCE219FEF01000DA4A3 /* TopicDetail.swift */,
				A36EAFD0219FEF46000DA4A3 /* Reply.swift */,
				A34A5D6B21AB9BCD00ED2F88 /* Node.swift */,
				A3DCB08221B2B270005FD955 /* LoginFormData.swift */,
				A3DCB08421B392FA005FD955 /* Account.swift */,
				A373C68521B505F000C919AD /* UserProfileResponse.swift */,
			);
			path = Models;
			sourceTree = "<group>";
		};
		A3704DD420E0FA7D0052576D /* Extensions */ = {
			isa = PBXGroup;
			children = (
				A3704DD520E0FA950052576D /* StringExtensions.swift */,
				A358549820E2071900C76393 /* UIStoryboardExtensions.swift */,
				A37A971121212A37000DFF1E /* UIViewExtensions.swift */,
				A37A971321212A58000DFF1E /* UIViewControllerExtensions.swift */,
				A37A971521212C56000DFF1E /* UIColorExtensions.swift */,
				A335F6C2219ABDC9003BDE77 /* UINavigationBarExtensions.swift */,
				A3DCB09021BD326D005FD955 /* NotificationExtensions.swift */,
			);
			path = Extensions;
			sourceTree = "<group>";
		};
		A379EA382121C47800FA2169 /* Search */ = {
			isa = PBXGroup;
			children = (
				A379EA392121C48800FA2169 /* SearchViewController.swift */,
			);
			path = Search;
			sourceTree = "<group>";
		};
		A379EA3B2121C4CE00FA2169 /* UserProfile */ = {
			isa = PBXGroup;
			children = (
				A3DCB08621B3FB2E005FD955 /* UserProfileViewController.swift */,
				A373C68721B5154800C919AD /* UserProfileHeaderView.swift */,
				A373C68921B5411C00C919AD /* UserCommentViewCell.swift */,
				A336980821B6AD2700F1B808 /* UserReplyListViewController.swift */,
			);
			path = UserProfile;
			sourceTree = "<group>";
		};
		A38D0E9D20DCEA4000F7C932 = {
			isa = PBXGroup;
			children = (
				A38D0EA820DCEA4000F7C932 /* V2EX */,
				A38D0EA720DCEA4000F7C932 /* Products */,
				0B3BBBD6221F55CFE5836225 /* Pods */,
				B8AA61FC8B20C7E40B381343 /* Frameworks */,
			);
			sourceTree = "<group>";
		};
		A38D0EA720DCEA4000F7C932 /* Products */ = {
			isa = PBXGroup;
			children = (
				A38D0EA620DCEA4000F7C932 /* V2EX.app */,
			);
			name = Products;
			sourceTree = "<group>";
		};
		A38D0EA820DCEA4000F7C932 /* V2EX */ = {
			isa = PBXGroup;
			children = (
				A358548820E1D68F00C76393 /* Application */,
				A34A5D6F21ABBD3800ED2F88 /* Context */,
				A36D0FA7219D808000E20EFB /* Networking */,
				A36EAFC9219FEE8E000DA4A3 /* Models */,
				A358548B20E1D6D200C76393 /* Common */,
				A3A9E62F21AE901C00680FC5 /* Theme */,
				A358548720E1D65A00C76393 /* Supporting Files */,
				A3704DD420E0FA7D0052576D /* Extensions */,
				A38D0EA920DCEA4000F7C932 /* AppDelegate.swift */,
			);
			path = V2EX;
			sourceTree = "<group>";
		};
		A3A9E62F21AE901C00680FC5 /* Theme */ = {
			isa = PBXGroup;
			children = (
				A3A39CA420E181A4000B07F0 /* Theme.swift */,
				A372EF4621AFFAC100EAD3DB /* AppFont.swift */,
				A37F192F21A28A55001BCC0A /* dark.css */,
				A37F193121A2A469001BCC0A /* light.css */,
				A379E9BB210DF33900FA2169 /* style.css */,
			);
			path = Theme;
			sourceTree = "<group>";
		};
		A3DFFDF3211C3049005818BC /* MainViewController */ = {
			isa = PBXGroup;
			children = (
				A3DFFDF4211C3063005818BC /* MainViewController.swift */,
				A3DCB08E21BCD822005FD955 /* MainNavigationController.swift */,
			);
			path = MainViewController;
			sourceTree = "<group>";
		};
		B8AA61FC8B20C7E40B381343 /* Frameworks */ = {
			isa = PBXGroup;
			children = (
				251A02DE1C80AA5F05653242 /* Pods_V2EX.framework */,
			);
			name = Frameworks;
			sourceTree = "<group>";
		};
/* End PBXGroup section */

/* Begin PBXNativeTarget section */
		A38D0EA520DCEA4000F7C932 /* V2EX */ = {
			isa = PBXNativeTarget;
			buildConfigurationList = A38D0EB820DCEA4100F7C932 /* Build configuration list for PBXNativeTarget "V2EX" */;
			buildPhases = (
				7F33784E7A5EB384EF89C6EA /* [CP] Check Pods Manifest.lock */,
				A38D0EA220DCEA4000F7C932 /* Sources */,
				A38D0EA320DCEA4000F7C932 /* Frameworks */,
				A38D0EA420DCEA4000F7C932 /* Resources */,
				44AB662F88C22F387C484023 /* [CP] Embed Pods Frameworks */,
				A302F69121A42FB900A15BA7 /* Fabric */,
			);
			buildRules = (
			);
			dependencies = (
			);
			name = V2EX;
			productName = V2EX;
			productReference = A38D0EA620DCEA4000F7C932 /* V2EX.app */;
			productType = "com.apple.product-type.application";
		};
/* End PBXNativeTarget section */

/* Begin PBXProject section */
		A38D0E9E20DCEA4000F7C932 /* Project object */ = {
			isa = PBXProject;
			attributes = {
				LastSwiftUpdateCheck = 0940;
				LastUpgradeCheck = 0940;
				ORGANIZATIONNAME = shuifeng.me;
				TargetAttributes = {
					A38D0EA520DCEA4000F7C932 = {
						CreatedOnToolsVersion = 9.4.1;
						LastSwiftMigration = 1010;
					};
				};
			};
			buildConfigurationList = A38D0EA120DCEA4000F7C932 /* Build configuration list for PBXProject "V2EX" */;
			compatibilityVersion = "Xcode 9.3";
			developmentRegion = en;
			hasScannedForEncodings = 0;
			knownRegions = (
				en,
				Base,
			);
			mainGroup = A38D0E9D20DCEA4000F7C932;
			productRefGroup = A38D0EA720DCEA4000F7C932 /* Products */;
			projectDirPath = "";
			projectRoot = "";
			targets = (
				A38D0EA520DCEA4000F7C932 /* V2EX */,
			);
		};
/* End PBXProject section */

/* Begin PBXResourcesBuildPhase section */
		A38D0EA420DCEA4000F7C932 /* Resources */ = {
			isa = PBXResourcesBuildPhase;
			buildActionMask = 2147483647;
			files = (
				A38D0EB420DCEA4100F7C932 /* LaunchScreen.storyboard in Resources */,
				A38D0EB120DCEA4100F7C932 /* Assets.xcassets in Resources */,
				A379E9BC210DF33900FA2169 /* style.css in Resources */,
				A38D0EAF20DCEA4000F7C932 /* Main.storyboard in Resources */,
				A37F193221A2A469001BCC0A /* light.css in Resources */,
				A30A78F021A7DA590041A744 /* opensource.json in Resources */,
				A37F193021A28A55001BCC0A /* dark.css in Resources */,
				A3DCB07F21AA9D8A005FD955 /* allnodes.json in Resources */,
			);
			runOnlyForDeploymentPostprocessing = 0;
		};
/* End PBXResourcesBuildPhase section */

/* Begin PBXShellScriptBuildPhase section */
		44AB662F88C22F387C484023 /* [CP] Embed Pods Frameworks */ = {
			isa = PBXShellScriptBuildPhase;
			buildActionMask = 2147483647;
			files = (
			);
			inputPaths = (
				"${SRCROOT}/Pods/Target Support Files/Pods-V2EX/Pods-V2EX-frameworks.sh",
				"${BUILT_PRODUCTS_DIR}/Alamofire/Alamofire.framework",
				"${BUILT_PRODUCTS_DIR}/FDFullscreenPopGesture/FDFullscreenPopGesture.framework",
				"${BUILT_PRODUCTS_DIR}/GenericNetworking/GenericNetworking.framework",
				"${BUILT_PRODUCTS_DIR}/Kingfisher/Kingfisher.framework",
				"${BUILT_PRODUCTS_DIR}/MBProgressHUD/MBProgressHUD.framework",
				"${BUILT_PRODUCTS_DIR}/MJRefresh/MJRefresh.framework",
				"${BUILT_PRODUCTS_DIR}/SQLiteRepairKit/sqliterk.framework",
				"${BUILT_PRODUCTS_DIR}/SideMenu/SideMenu.framework",
				"${BUILT_PRODUCTS_DIR}/SnapKit/SnapKit.framework",
				"${BUILT_PRODUCTS_DIR}/SwiftSoup/SwiftSoup.framework",
				"${BUILT_PRODUCTS_DIR}/WCDB.swift/WCDBSwift.framework",
				"${BUILT_PRODUCTS_DIR}/WCDBOptimizedSQLCipher/sqlcipher.framework",
			);
			name = "[CP] Embed Pods Frameworks";
			outputPaths = (
				"${TARGET_BUILD_DIR}/${FRAMEWORKS_FOLDER_PATH}/Alamofire.framework",
				"${TARGET_BUILD_DIR}/${FRAMEWORKS_FOLDER_PATH}/FDFullscreenPopGesture.framework",
				"${TARGET_BUILD_DIR}/${FRAMEWORKS_FOLDER_PATH}/GenericNetworking.framework",
				"${TARGET_BUILD_DIR}/${FRAMEWORKS_FOLDER_PATH}/Kingfisher.framework",
				"${TARGET_BUILD_DIR}/${FRAMEWORKS_FOLDER_PATH}/MBProgressHUD.framework",
				"${TARGET_BUILD_DIR}/${FRAMEWORKS_FOLDER_PATH}/MJRefresh.framework",
				"${TARGET_BUILD_DIR}/${FRAMEWORKS_FOLDER_PATH}/sqliterk.framework",
				"${TARGET_BUILD_DIR}/${FRAMEWORKS_FOLDER_PATH}/SideMenu.framework",
				"${TARGET_BUILD_DIR}/${FRAMEWORKS_FOLDER_PATH}/SnapKit.framework",
				"${TARGET_BUILD_DIR}/${FRAMEWORKS_FOLDER_PATH}/SwiftSoup.framework",
				"${TARGET_BUILD_DIR}/${FRAMEWORKS_FOLDER_PATH}/WCDBSwift.framework",
				"${TARGET_BUILD_DIR}/${FRAMEWORKS_FOLDER_PATH}/sqlcipher.framework",
			);
			runOnlyForDeploymentPostprocessing = 0;
			shellPath = /bin/sh;
			shellScript = "\"${SRCROOT}/Pods/Target Support Files/Pods-V2EX/Pods-V2EX-frameworks.sh\"\n";
			showEnvVarsInLog = 0;
		};
		7F33784E7A5EB384EF89C6EA /* [CP] Check Pods Manifest.lock */ = {
			isa = PBXShellScriptBuildPhase;
			buildActionMask = 2147483647;
			files = (
			);
			inputPaths = (
				"${PODS_PODFILE_DIR_PATH}/Podfile.lock",
				"${PODS_ROOT}/Manifest.lock",
			);
			name = "[CP] Check Pods Manifest.lock";
			outputPaths = (
				"$(DERIVED_FILE_DIR)/Pods-V2EX-checkManifestLockResult.txt",
			);
			runOnlyForDeploymentPostprocessing = 0;
			shellPath = /bin/sh;
			shellScript = "diff \"${PODS_PODFILE_DIR_PATH}/Podfile.lock\" \"${PODS_ROOT}/Manifest.lock\" > /dev/null\nif [ $? != 0 ] ; then\n    # print error to STDERR\n    echo \"error: The sandbox is not in sync with the Podfile.lock. Run 'pod install' or update your CocoaPods installation.\" >&2\n    exit 1\nfi\n# This output is used by Xcode 'outputs' to avoid re-running this script phase.\necho \"SUCCESS\" > \"${SCRIPT_OUTPUT_FILE_0}\"\n";
			showEnvVarsInLog = 0;
		};
		A302F69121A42FB900A15BA7 /* Fabric */ = {
			isa = PBXShellScriptBuildPhase;
			buildActionMask = 2147483647;
			files = (
			);
			inputFileListPaths = (
			);
			inputPaths = (
				"$(BUILT_PRODUCTS_DIR)/$(INFOPLIST_PATH)",
			);
			name = Fabric;
			outputFileListPaths = (
			);
			outputPaths = (
			);
			runOnlyForDeploymentPostprocessing = 0;
			shellPath = /bin/sh;
			shellScript = "# Type a script or drag a script file from your workspace to insert its path.\n\"${PODS_ROOT}/Fabric/run\" a001e88e8881b863a6657eaaab3cad5b9c955671 a148d541094783c831a83dc4d577380187adb5ebc04b575956df7ceaf491768f\n";
		};
/* End PBXShellScriptBuildPhase section */

/* Begin PBXSourcesBuildPhase section */
		A38D0EA220DCEA4000F7C932 /* Sources */ = {
			isa = PBXSourcesBuildPhase;
			buildActionMask = 2147483647;
			files = (
				A373C68821B5154800C919AD /* UserProfileHeaderView.swift in Sources */,
				A31F9C4C21BFD78E00AD9846 /* NotificationViewCell.swift in Sources */,
				A36D0FAD219D80E400E20EFB /* V2DataManager.swift in Sources */,
				A33E18C021BE3DC50084FF29 /* ProfileHeaderView.swift in Sources */,
				A3704DD620E0FA950052576D /* StringExtensions.swift in Sources */,
				A31DF70C21A6B74500618AD5 /* SettingViewCell.swift in Sources */,
				A373C68621B505F000C919AD /* UserProfileResponse.swift in Sources */,
				A3691745219E911A002DA8E3 /* ActionSheet.swift in Sources */,
				A34A5D7121ABBD4900ED2F88 /* AppContext.swift in Sources */,
				A358548420E1D51600C76393 /* TopicDetailViewController.swift in Sources */,
				A358549020E1F4A600C76393 /* TopicCommentViewCell.swift in Sources */,
				A36D0FA9219D809800E20EFB /* V2SDK.swift in Sources */,
				A3DCB09121BD326D005FD955 /* NotificationExtensions.swift in Sources */,
				A372EF4721AFFAC100EAD3DB /* AppFont.swift in Sources */,
				A36D0FB5219D81B500E20EFB /* V2SDK+Search.swift in Sources */,
				A379E9BA210DCFE000FA2169 /* TopicDetailViewCell.swift in Sources */,
				A36EAFCB219FEEB2000DA4A3 /* V2Tab.swift in Sources */,
				A3704DD320E0EB8F0052576D /* TimelineViewCell.swift in Sources */,
				A3DCB08921BB76A9005FD955 /* HUD.swift in Sources */,
				A373C68A21B5411C00C919AD /* UserCommentViewCell.swift in Sources */,
				A335F6C3219ABDC9003BDE77 /* UINavigationBarExtensions.swift in Sources */,
				A379EA3D2121C4DC00FA2169 /* ProfileViewController.swift in Sources */,
				A30A2A9E21BA557600D014C5 /* AboutViewController.swift in Sources */,
				A3DFFDF5211C3063005818BC /* MainViewController.swift in Sources */,
				A358549920E2071900C76393 /* UIStoryboardExtensions.swift in Sources */,
				A36EAFCD219FEEDB000DA4A3 /* Topic.swift in Sources */,
				A3DCB08D21BCB8FD005FD955 /* BalanceViewController.swift in Sources */,
				A36EAFD1219FEF46000DA4A3 /* Reply.swift in Sources */,
				A38D0EAA20DCEA4000F7C932 /* AppDelegate.swift in Sources */,
				A37F193421A2B671001BCC0A /* Utility.swift in Sources */,
				A3F788B721B7A405002B2F99 /* EndPoint.swift in Sources */,
				A37A971221212A37000DFF1E /* UIViewExtensions.swift in Sources */,
				A37A971421212A58000DFF1E /* UIViewControllerExtensions.swift in Sources */,
				A36EAFCF219FEF01000DA4A3 /* TopicDetail.swift in Sources */,
				A38D0EC820DD060900F7C932 /* TimelineViewController.swift in Sources */,
				A37F192E21A25CE7001BCC0A /* AppSettings.swift in Sources */,
				A37A971621212C56000DFF1E /* UIColorExtensions.swift in Sources */,
				A379EA3A2121C48800FA2169 /* SearchViewController.swift in Sources */,
				A3DCB08521B392FB005FD955 /* Account.swift in Sources */,
				A379EA3F212259C500FA2169 /* AllNodesViewController.swift in Sources */,
				A33C4E2321943BF00039E347 /* MenuViewController.swift in Sources */,
				A34A5D6C21AB9BCD00ED2F88 /* Node.swift in Sources */,
				A31DF70A21A6B51100618AD5 /* SettingTableModel.swift in Sources */,
				A358548620E1D5A000C76393 /* LoginViewController.swift in Sources */,
				A33E18C421BE3EE80084FF29 /* Strings.swift in Sources */,
				A302F69021A3F2A000A15BA7 /* RightMenuViewController.swift in Sources */,
				A3A9E62E21AE7AA700680FC5 /* DisplaySettingsViewController.swift in Sources */,
				A3DCB08B21BBF90A005FD955 /* V2SDK+Upload.swift in Sources */,
				A384528D2195749A0097A6A9 /* MenuTableViewCell.swift in Sources */,
				A33E18C221BE3E540084FF29 /* NotificationsViewController.swift in Sources */,
				A3DCB08321B2B270005FD955 /* LoginFormData.swift in Sources */,
				A358549720E205E600C76393 /* SettingsViewController.swift in Sources */,
				A336980921B6AD2700F1B808 /* UserReplyListViewController.swift in Sources */,
				A3DCB08F21BCD822005FD955 /* MainNavigationController.swift in Sources */,
				A3A39CA520E181A4000B07F0 /* Theme.swift in Sources */,
				A3F788B921B7AD49002B2F99 /* HTMLParser.swift in Sources */,
				A358549520E2048300C76393 /* OpenSourceViewController.swift in Sources */,
				A3DCB08721B3FB2E005FD955 /* UserProfileViewController.swift in Sources */,
			);
			runOnlyForDeploymentPostprocessing = 0;
		};
/* End PBXSourcesBuildPhase section */

/* Begin PBXVariantGroup section */
		A38D0EAD20DCEA4000F7C932 /* Main.storyboard */ = {
			isa = PBXVariantGroup;
			children = (
				A38D0EAE20DCEA4000F7C932 /* Base */,
			);
			name = Main.storyboard;
			sourceTree = "<group>";
		};
		A38D0EB220DCEA4100F7C932 /* LaunchScreen.storyboard */ = {
			isa = PBXVariantGroup;
			children = (
				A38D0EB320DCEA4100F7C932 /* Base */,
			);
			name = LaunchScreen.storyboard;
			sourceTree = "<group>";
		};
/* End PBXVariantGroup section */

/* Begin XCBuildConfiguration section */
		A38D0EB620DCEA4100F7C932 /* Debug */ = {
			isa = XCBuildConfiguration;
			buildSettings = {
				ALWAYS_SEARCH_USER_PATHS = NO;
				CLANG_ANALYZER_NONNULL = YES;
				CLANG_ANALYZER_NUMBER_OBJECT_CONVERSION = YES_AGGRESSIVE;
				CLANG_CXX_LANGUAGE_STANDARD = "gnu++14";
				CLANG_CXX_LIBRARY = "libc++";
				CLANG_ENABLE_MODULES = YES;
				CLANG_ENABLE_OBJC_ARC = YES;
				CLANG_ENABLE_OBJC_WEAK = YES;
				CLANG_WARN_BLOCK_CAPTURE_AUTORELEASING = YES;
				CLANG_WARN_BOOL_CONVERSION = YES;
				CLANG_WARN_COMMA = YES;
				CLANG_WARN_CONSTANT_CONVERSION = YES;
				CLANG_WARN_DEPRECATED_OBJC_IMPLEMENTATIONS = YES;
				CLANG_WARN_DIRECT_OBJC_ISA_USAGE = YES_ERROR;
				CLANG_WARN_DOCUMENTATION_COMMENTS = YES;
				CLANG_WARN_EMPTY_BODY = YES;
				CLANG_WARN_ENUM_CONVERSION = YES;
				CLANG_WARN_INFINITE_RECURSION = YES;
				CLANG_WARN_INT_CONVERSION = YES;
				CLANG_WARN_NON_LITERAL_NULL_CONVERSION = YES;
				CLANG_WARN_OBJC_IMPLICIT_RETAIN_SELF = YES;
				CLANG_WARN_OBJC_LITERAL_CONVERSION = YES;
				CLANG_WARN_OBJC_ROOT_CLASS = YES_ERROR;
				CLANG_WARN_RANGE_LOOP_ANALYSIS = YES;
				CLANG_WARN_STRICT_PROTOTYPES = YES;
				CLANG_WARN_SUSPICIOUS_MOVE = YES;
				CLANG_WARN_UNGUARDED_AVAILABILITY = YES_AGGRESSIVE;
				CLANG_WARN_UNREACHABLE_CODE = YES;
				CLANG_WARN__DUPLICATE_METHOD_MATCH = YES;
				CODE_SIGN_IDENTITY = "iPhone Developer";
				COPY_PHASE_STRIP = NO;
				DEBUG_INFORMATION_FORMAT = dwarf;
				ENABLE_STRICT_OBJC_MSGSEND = YES;
				ENABLE_TESTABILITY = YES;
				GCC_C_LANGUAGE_STANDARD = gnu11;
				GCC_DYNAMIC_NO_PIC = NO;
				GCC_NO_COMMON_BLOCKS = YES;
				GCC_OPTIMIZATION_LEVEL = 0;
				GCC_PREPROCESSOR_DEFINITIONS = (
					"DEBUG=1",
					"$(inherited)",
				);
				GCC_WARN_64_TO_32_BIT_CONVERSION = YES;
				GCC_WARN_ABOUT_RETURN_TYPE = YES_ERROR;
				GCC_WARN_UNDECLARED_SELECTOR = YES;
				GCC_WARN_UNINITIALIZED_AUTOS = YES_AGGRESSIVE;
				GCC_WARN_UNUSED_FUNCTION = YES;
				GCC_WARN_UNUSED_VARIABLE = YES;
				IPHONEOS_DEPLOYMENT_TARGET = 11.4;
				MTL_ENABLE_DEBUG_INFO = YES;
				ONLY_ACTIVE_ARCH = YES;
				SDKROOT = iphoneos;
				SWIFT_ACTIVE_COMPILATION_CONDITIONS = DEBUG;
				SWIFT_OPTIMIZATION_LEVEL = "-Onone";
			};
			name = Debug;
		};
		A38D0EB720DCEA4100F7C932 /* Release */ = {
			isa = XCBuildConfiguration;
			buildSettings = {
				ALWAYS_SEARCH_USER_PATHS = NO;
				CLANG_ANALYZER_NONNULL = YES;
				CLANG_ANALYZER_NUMBER_OBJECT_CONVERSION = YES_AGGRESSIVE;
				CLANG_CXX_LANGUAGE_STANDARD = "gnu++14";
				CLANG_CXX_LIBRARY = "libc++";
				CLANG_ENABLE_MODULES = YES;
				CLANG_ENABLE_OBJC_ARC = YES;
				CLANG_ENABLE_OBJC_WEAK = YES;
				CLANG_WARN_BLOCK_CAPTURE_AUTORELEASING = YES;
				CLANG_WARN_BOOL_CONVERSION = YES;
				CLANG_WARN_COMMA = YES;
				CLANG_WARN_CONSTANT_CONVERSION = YES;
				CLANG_WARN_DEPRECATED_OBJC_IMPLEMENTATIONS = YES;
				CLANG_WARN_DIRECT_OBJC_ISA_USAGE = YES_ERROR;
				CLANG_WARN_DOCUMENTATION_COMMENTS = YES;
				CLANG_WARN_EMPTY_BODY = YES;
				CLANG_WARN_ENUM_CONVERSION = YES;
				CLANG_WARN_INFINITE_RECURSION = YES;
				CLANG_WARN_INT_CONVERSION = YES;
				CLANG_WARN_NON_LITERAL_NULL_CONVERSION = YES;
				CLANG_WARN_OBJC_IMPLICIT_RETAIN_SELF = YES;
				CLANG_WARN_OBJC_LITERAL_CONVERSION = YES;
				CLANG_WARN_OBJC_ROOT_CLASS = YES_ERROR;
				CLANG_WARN_RANGE_LOOP_ANALYSIS = YES;
				CLANG_WARN_STRICT_PROTOTYPES = YES;
				CLANG_WARN_SUSPICIOUS_MOVE = YES;
				CLANG_WARN_UNGUARDED_AVAILABILITY = YES_AGGRESSIVE;
				CLANG_WARN_UNREACHABLE_CODE = YES;
				CLANG_WARN__DUPLICATE_METHOD_MATCH = YES;
				CODE_SIGN_IDENTITY = "iPhone Developer";
				COPY_PHASE_STRIP = NO;
				DEBUG_INFORMATION_FORMAT = "dwarf-with-dsym";
				ENABLE_NS_ASSERTIONS = NO;
				ENABLE_STRICT_OBJC_MSGSEND = YES;
				GCC_C_LANGUAGE_STANDARD = gnu11;
				GCC_NO_COMMON_BLOCKS = YES;
				GCC_WARN_64_TO_32_BIT_CONVERSION = YES;
				GCC_WARN_ABOUT_RETURN_TYPE = YES_ERROR;
				GCC_WARN_UNDECLARED_SELECTOR = YES;
				GCC_WARN_UNINITIALIZED_AUTOS = YES_AGGRESSIVE;
				GCC_WARN_UNUSED_FUNCTION = YES;
				GCC_WARN_UNUSED_VARIABLE = YES;
				IPHONEOS_DEPLOYMENT_TARGET = 11.4;
				MTL_ENABLE_DEBUG_INFO = NO;
				SDKROOT = iphoneos;
				SWIFT_COMPILATION_MODE = wholemodule;
				SWIFT_OPTIMIZATION_LEVEL = "-O";
				VALIDATE_PRODUCT = YES;
			};
			name = Release;
		};
		A38D0EB920DCEA4100F7C932 /* Debug */ = {
			isa = XCBuildConfiguration;
			baseConfigurationReference = A5FB8519D0C8263AA786EE50 /* Pods-V2EX.debug.xcconfig */;
			buildSettings = {
				ASSETCATALOG_COMPILER_APPICON_NAME = AppIcon;
				CODE_SIGN_STYLE = Automatic;
				DEBUG_INFORMATION_FORMAT = "dwarf-with-dsym";
				DEVELOPMENT_TEAM = LX863G777H;
				INFOPLIST_FILE = "$(SRCROOT)/V2EX/Supporting Files/Info.plist";
				IPHONEOS_DEPLOYMENT_TARGET = 11.0;
				LD_RUNPATH_SEARCH_PATHS = (
					"$(inherited)",
					"@executable_path/Frameworks",
				);
				PRODUCT_BUNDLE_IDENTIFIER = me.shuifeng.v2ex;
				PRODUCT_NAME = "$(TARGET_NAME)";
				SWIFT_VERSION = 4.2;
				TARGETED_DEVICE_FAMILY = 1;
			};
			name = Debug;
		};
		A38D0EBA20DCEA4100F7C932 /* Release */ = {
			isa = XCBuildConfiguration;
			baseConfigurationReference = B4AC35F723942C404A14CBA3 /* Pods-V2EX.release.xcconfig */;
			buildSettings = {
				ASSETCATALOG_COMPILER_APPICON_NAME = AppIcon;
				CODE_SIGN_STYLE = Automatic;
				DEVELOPMENT_TEAM = LX863G777H;
				INFOPLIST_FILE = "$(SRCROOT)/V2EX/Supporting Files/Info.plist";
				IPHONEOS_DEPLOYMENT_TARGET = 11.0;
				LD_RUNPATH_SEARCH_PATHS = (
					"$(inherited)",
					"@executable_path/Frameworks",
				);
				PRODUCT_BUNDLE_IDENTIFIER = me.shuifeng.v2ex;
				PRODUCT_NAME = "$(TARGET_NAME)";
				SWIFT_VERSION = 4.2;
				TARGETED_DEVICE_FAMILY = 1;
			};
			name = Release;
		};
/* End XCBuildConfiguration section */

/* Begin XCConfigurationList section */
		A38D0EA120DCEA4000F7C932 /* Build configuration list for PBXProject "V2EX" */ = {
			isa = XCConfigurationList;
			buildConfigurations = (
				A38D0EB620DCEA4100F7C932 /* Debug */,
				A38D0EB720DCEA4100F7C932 /* Release */,
			);
			defaultConfigurationIsVisible = 0;
			defaultConfigurationName = Release;
		};
		A38D0EB820DCEA4100F7C932 /* Build configuration list for PBXNativeTarget "V2EX" */ = {
			isa = XCConfigurationList;
			buildConfigurations = (
				A38D0EB920DCEA4100F7C932 /* Debug */,
				A38D0EBA20DCEA4100F7C932 /* Release */,
			);
			defaultConfigurationIsVisible = 0;
			defaultConfigurationName = Release;
		};
/* End XCConfigurationList section */
	};
	rootObject = A38D0E9E20DCEA4000F7C932 /* Project object */;
}
