// !$*UTF8*$!
{
	archiveVersion = 1;
	classes = {
	};
	objectVersion = 50;
	objects = {

/* Begin PBXBuildFile section */
		62E1F5F34BC479671118BAB9 /* Pods_V2EX.framework in Frameworks */ = {isa = PBXBuildFile; fileRef = 251A02DE1C80AA5F05653242 /* Pods_V2EX.framework */; };
		A358548420E1D51600C76393 /* TopicDetailViewController.swift in Sources */ = {isa = PBXBuildFile; fileRef = A358548320E1D51600C76393 /* TopicDetailViewController.swift */; };
		A358548620E1D5A000C76393 /* LoginViewController.swift in Sources */ = {isa = PBXBuildFile; fileRef = A358548520E1D5A000C76393 /* LoginViewController.swift */; };
		A358549020E1F4A600C76393 /* TopicCommentViewCell.swift in Sources */ = {isa = PBXBuildFile; fileRef = A358548F20E1F4A600C76393 /* TopicCommentViewCell.swift */; };
		A358549320E2045600C76393 /* Settings.storyboard in Resources */ = {isa = PBXBuildFile; fileRef = A358549220E2045600C76393 /* Settings.storyboard */; };
		A358549520E2048300C76393 /* OpenSourceViewController.swift in Sources */ = {isa = PBXBuildFile; fileRef = A358549420E2048300C76393 /* OpenSourceViewController.swift */; };
		A358549720E205E600C76393 /* SettingsViewController.swift in Sources */ = {isa = PBXBuildFile; fileRef = A358549620E205E600C76393 /* SettingsViewController.swift */; };
		A358549920E2071900C76393 /* UIStoryboardExtensions.swift in Sources */ = {isa = PBXBuildFile; fileRef = A358549820E2071900C76393 /* UIStoryboardExtensions.swift */; };
		A3704DD320E0EB8F0052576D /* TimelineViewCell.swift in Sources */ = {isa = PBXBuildFile; fileRef = A3704DD220E0EB8F0052576D /* TimelineViewCell.swift */; };
		A3704DD620E0FA950052576D /* StringExtensions.swift in Sources */ = {isa = PBXBuildFile; fileRef = A3704DD520E0FA950052576D /* StringExtensions.swift */; };
		A3704DD820E1084F0052576D /* NodeViewController.swift in Sources */ = {isa = PBXBuildFile; fileRef = A3704DD720E1084F0052576D /* NodeViewController.swift */; };
		A379E9BA210DCFE000FA2169 /* TopicDetailViewCell.swift in Sources */ = {isa = PBXBuildFile; fileRef = A379E9B9210DCFE000FA2169 /* TopicDetailViewCell.swift */; };
		A379E9BC210DF33900FA2169 /* style.css in Resources */ = {isa = PBXBuildFile; fileRef = A379E9BB210DF33900FA2169 /* style.css */; };
		A38D0EAA20DCEA4000F7C932 /* AppDelegate.swift in Sources */ = {isa = PBXBuildFile; fileRef = A38D0EA920DCEA4000F7C932 /* AppDelegate.swift */; };
		A38D0EAF20DCEA4000F7C932 /* Main.storyboard in Resources */ = {isa = PBXBuildFile; fileRef = A38D0EAD20DCEA4000F7C932 /* Main.storyboard */; };
		A38D0EB120DCEA4100F7C932 /* Assets.xcassets in Resources */ = {isa = PBXBuildFile; fileRef = A38D0EB020DCEA4100F7C932 /* Assets.xcassets */; };
		A38D0EB420DCEA4100F7C932 /* LaunchScreen.storyboard in Resources */ = {isa = PBXBuildFile; fileRef = A38D0EB220DCEA4100F7C932 /* LaunchScreen.storyboard */; };
		A38D0EC820DD060900F7C932 /* TimelineViewController.swift in Sources */ = {isa = PBXBuildFile; fileRef = A38D0EC720DD060900F7C932 /* TimelineViewController.swift */; };
		A392D11721102E6600CCFDDD /* TimelineHeaderView.swift in Sources */ = {isa = PBXBuildFile; fileRef = A392D11621102E6600CCFDDD /* TimelineHeaderView.swift */; };
		A3A39CA520E181A4000B07F0 /* Theme.swift in Sources */ = {isa = PBXBuildFile; fileRef = A3A39CA420E181A4000B07F0 /* Theme.swift */; };
		A3A39CA720E181F0000B07F0 /* TabMenuViewController.swift in Sources */ = {isa = PBXBuildFile; fileRef = A3A39CA620E181F0000B07F0 /* TabMenuViewController.swift */; };
		A3A39CA920E182C4000B07F0 /* HomeMenuViewController.swift in Sources */ = {isa = PBXBuildFile; fileRef = A3A39CA820E182C4000B07F0 /* HomeMenuViewController.swift */; };
/* End PBXBuildFile section */

/* Begin PBXFileReference section */
		251A02DE1C80AA5F05653242 /* Pods_V2EX.framework */ = {isa = PBXFileReference; explicitFileType = wrapper.framework; includeInIndex = 0; path = Pods_V2EX.framework; sourceTree = BUILT_PRODUCTS_DIR; };
		A358548320E1D51600C76393 /* TopicDetailViewController.swift */ = {isa = PBXFileReference; lastKnownFileType = sourcecode.swift; path = TopicDetailViewController.swift; sourceTree = "<group>"; };
		A358548520E1D5A000C76393 /* LoginViewController.swift */ = {isa = PBXFileReference; lastKnownFileType = sourcecode.swift; path = LoginViewController.swift; sourceTree = "<group>"; };
		A358548F20E1F4A600C76393 /* TopicCommentViewCell.swift */ = {isa = PBXFileReference; lastKnownFileType = sourcecode.swift; path = TopicCommentViewCell.swift; sourceTree = "<group>"; };
		A358549220E2045600C76393 /* Settings.storyboard */ = {isa = PBXFileReference; lastKnownFileType = file.storyboard; path = Settings.storyboard; sourceTree = "<group>"; };
		A358549420E2048300C76393 /* OpenSourceViewController.swift */ = {isa = PBXFileReference; lastKnownFileType = sourcecode.swift; path = OpenSourceViewController.swift; sourceTree = "<group>"; };
		A358549620E205E600C76393 /* SettingsViewController.swift */ = {isa = PBXFileReference; lastKnownFileType = sourcecode.swift; path = SettingsViewController.swift; sourceTree = "<group>"; };
		A358549820E2071900C76393 /* UIStoryboardExtensions.swift */ = {isa = PBXFileReference; lastKnownFileType = sourcecode.swift; path = UIStoryboardExtensions.swift; sourceTree = "<group>"; };
		A3704DD220E0EB8F0052576D /* TimelineViewCell.swift */ = {isa = PBXFileReference; lastKnownFileType = sourcecode.swift; path = TimelineViewCell.swift; sourceTree = "<group>"; };
		A3704DD520E0FA950052576D /* StringExtensions.swift */ = {isa = PBXFileReference; lastKnownFileType = sourcecode.swift; path = StringExtensions.swift; sourceTree = "<group>"; };
		A3704DD720E1084F0052576D /* NodeViewController.swift */ = {isa = PBXFileReference; lastKnownFileType = sourcecode.swift; path = NodeViewController.swift; sourceTree = "<group>"; };
		A379E9B9210DCFE000FA2169 /* TopicDetailViewCell.swift */ = {isa = PBXFileReference; lastKnownFileType = sourcecode.swift; path = TopicDetailViewCell.swift; sourceTree = "<group>"; };
		A379E9BB210DF33900FA2169 /* style.css */ = {isa = PBXFileReference; lastKnownFileType = text.css; path = style.css; sourceTree = "<group>"; };
		A38D0EA620DCEA4000F7C932 /* V2EX.app */ = {isa = PBXFileReference; explicitFileType = wrapper.application; includeInIndex = 0; path = V2EX.app; sourceTree = BUILT_PRODUCTS_DIR; };
		A38D0EA920DCEA4000F7C932 /* AppDelegate.swift */ = {isa = PBXFileReference; lastKnownFileType = sourcecode.swift; path = AppDelegate.swift; sourceTree = "<group>"; };
		A38D0EAE20DCEA4000F7C932 /* Base */ = {isa = PBXFileReference; lastKnownFileType = file.storyboard; name = Base; path = Base.lproj/Main.storyboard; sourceTree = "<group>"; };
		A38D0EB020DCEA4100F7C932 /* Assets.xcassets */ = {isa = PBXFileReference; lastKnownFileType = folder.assetcatalog; path = Assets.xcassets; sourceTree = "<group>"; };
		A38D0EB320DCEA4100F7C932 /* Base */ = {isa = PBXFileReference; lastKnownFileType = file.storyboard; name = Base; path = Base.lproj/LaunchScreen.storyboard; sourceTree = "<group>"; };
		A38D0EB520DCEA4100F7C932 /* Info.plist */ = {isa = PBXFileReference; lastKnownFileType = text.plist.xml; path = Info.plist; sourceTree = "<group>"; };
		A38D0EC720DD060900F7C932 /* TimelineViewController.swift */ = {isa = PBXFileReference; lastKnownFileType = sourcecode.swift; path = TimelineViewController.swift; sourceTree = "<group>"; };
		A392D11621102E6600CCFDDD /* TimelineHeaderView.swift */ = {isa = PBXFileReference; lastKnownFileType = sourcecode.swift; path = TimelineHeaderView.swift; sourceTree = "<group>"; };
		A3A39CA420E181A4000B07F0 /* Theme.swift */ = {isa = PBXFileReference; lastKnownFileType = sourcecode.swift; path = Theme.swift; sourceTree = "<group>"; };
		A3A39CA620E181F0000B07F0 /* TabMenuViewController.swift */ = {isa = PBXFileReference; lastKnownFileType = sourcecode.swift; path = TabMenuViewController.swift; sourceTree = "<group>"; };
		A3A39CA820E182C4000B07F0 /* HomeMenuViewController.swift */ = {isa = PBXFileReference; lastKnownFileType = sourcecode.swift; path = HomeMenuViewController.swift; sourceTree = "<group>"; };
		A5FB8519D0C8263AA786EE50 /* Pods-V2EX.debug.xcconfig */ = {isa = PBXFileReference; includeInIndex = 1; lastKnownFileType = text.xcconfig; name = "Pods-V2EX.debug.xcconfig"; path = "Pods/Target Support Files/Pods-V2EX/Pods-V2EX.debug.xcconfig"; sourceTree = "<group>"; };
		B4AC35F723942C404A14CBA3 /* Pods-V2EX.release.xcconfig */ = {isa = PBXFileReference; includeInIndex = 1; lastKnownFileType = text.xcconfig; name = "Pods-V2EX.release.xcconfig"; path = "Pods/Target Support Files/Pods-V2EX/Pods-V2EX.release.xcconfig"; sourceTree = "<group>"; };
/* End PBXFileReference section */

/* Begin PBXFrameworksBuildPhase section */
		A38D0EA320DCEA4000F7C932 /* Frameworks */ = {
			isa = PBXFrameworksBuildPhase;
			buildActionMask = 2147483647;
			files = (
				62E1F5F34BC479671118BAB9 /* Pods_V2EX.framework in Frameworks */,
			);
			runOnlyForDeploymentPostprocessing = 0;
		};
/* End PBXFrameworksBuildPhase section */

/* Begin PBXGroup section */
		0B3BBBD6221F55CFE5836225 /* Pods */ = {
			isa = PBXGroup;
			children = (
				A5FB8519D0C8263AA786EE50 /* Pods-V2EX.debug.xcconfig */,
				B4AC35F723942C404A14CBA3 /* Pods-V2EX.release.xcconfig */,
			);
			name = Pods;
			sourceTree = "<group>";
		};
		A358548720E1D65A00C76393 /* Supporting Files */ = {
			isa = PBXGroup;
			children = (
				A38D0EB520DCEA4100F7C932 /* Info.plist */,
				A38D0EAD20DCEA4000F7C932 /* Main.storyboard */,
				A358549220E2045600C76393 /* Settings.storyboard */,
				A38D0EB220DCEA4100F7C932 /* LaunchScreen.storyboard */,
				A38D0EB020DCEA4100F7C932 /* Assets.xcassets */,
			);
			path = "Supporting Files";
			sourceTree = "<group>";
		};
		A358548820E1D68F00C76393 /* Application */ = {
			isa = PBXGroup;
			children = (
				A358548920E1D69900C76393 /* Account */,
				A358548A20E1D6AE00C76393 /* Timeline */,
				A358548C20E1D6E400C76393 /* Menu */,
				A358548E20E1D72400C76393 /* Node */,
				A358548D20E1D71800C76393 /* Topic */,
				A358549120E2043900C76393 /* Settings */,
			);
			path = Application;
			sourceTree = "<group>";
		};
		A358548920E1D69900C76393 /* Account */ = {
			isa = PBXGroup;
			children = (
				A358548520E1D5A000C76393 /* LoginViewController.swift */,
			);
			path = Account;
			sourceTree = "<group>";
		};
		A358548A20E1D6AE00C76393 /* Timeline */ = {
			isa = PBXGroup;
			children = (
				A3704DD220E0EB8F0052576D /* TimelineViewCell.swift */,
				A38D0EC720DD060900F7C932 /* TimelineViewController.swift */,
				A392D11621102E6600CCFDDD /* TimelineHeaderView.swift */,
			);
			path = Timeline;
			sourceTree = "<group>";
		};
		A358548B20E1D6D200C76393 /* Common */ = {
			isa = PBXGroup;
			children = (
				A3A39CA420E181A4000B07F0 /* Theme.swift */,
				A379E9BB210DF33900FA2169 /* style.css */,
			);
			path = Common;
			sourceTree = "<group>";
		};
		A358548C20E1D6E400C76393 /* Menu */ = {
			isa = PBXGroup;
			children = (
				A3A39CA820E182C4000B07F0 /* HomeMenuViewController.swift */,
				A3A39CA620E181F0000B07F0 /* TabMenuViewController.swift */,
			);
			path = Menu;
			sourceTree = "<group>";
		};
		A358548D20E1D71800C76393 /* Topic */ = {
			isa = PBXGroup;
			children = (
				A358548320E1D51600C76393 /* TopicDetailViewController.swift */,
				A358548F20E1F4A600C76393 /* TopicCommentViewCell.swift */,
				A379E9B9210DCFE000FA2169 /* TopicDetailViewCell.swift */,
			);
			path = Topic;
			sourceTree = "<group>";
		};
		A358548E20E1D72400C76393 /* Node */ = {
			isa = PBXGroup;
			children = (
				A3704DD720E1084F0052576D /* NodeViewController.swift */,
			);
			path = Node;
			sourceTree = "<group>";
		};
		A358549120E2043900C76393 /* Settings */ = {
			isa = PBXGroup;
			children = (
				A358549620E205E600C76393 /* SettingsViewController.swift */,
				A358549420E2048300C76393 /* OpenSourceViewController.swift */,
			);
			path = Settings;
			sourceTree = "<group>";
		};
		A3704DD420E0FA7D0052576D /* Extensions */ = {
			isa = PBXGroup;
			children = (
				A3704DD520E0FA950052576D /* StringExtensions.swift */,
				A358549820E2071900C76393 /* UIStoryboardExtensions.swift */,
			);
			path = Extensions;
			sourceTree = "<group>";
		};
		A38D0E9D20DCEA4000F7C932 = {
			isa = PBXGroup;
			children = (
				A38D0EA820DCEA4000F7C932 /* V2EX */,
				A38D0EA720DCEA4000F7C932 /* Products */,
				0B3BBBD6221F55CFE5836225 /* Pods */,
				B8AA61FC8B20C7E40B381343 /* Frameworks */,
			);
			sourceTree = "<group>";
		};
		A38D0EA720DCEA4000F7C932 /* Products */ = {
			isa = PBXGroup;
			children = (
				A38D0EA620DCEA4000F7C932 /* V2EX.app */,
			);
			name = Products;
			sourceTree = "<group>";
		};
		A38D0EA820DCEA4000F7C932 /* V2EX */ = {
			isa = PBXGroup;
			children = (
				A358548820E1D68F00C76393 /* Application */,
				A358548B20E1D6D200C76393 /* Common */,
				A3704DD420E0FA7D0052576D /* Extensions */,
				A358548720E1D65A00C76393 /* Supporting Files */,
				A38D0EA920DCEA4000F7C932 /* AppDelegate.swift */,
			);
			path = V2EX;
			sourceTree = "<group>";
		};
		B8AA61FC8B20C7E40B381343 /* Frameworks */ = {
			isa = PBXGroup;
			children = (
				251A02DE1C80AA5F05653242 /* Pods_V2EX.framework */,
			);
			name = Frameworks;
			sourceTree = "<group>";
		};
/* End PBXGroup section */

/* Begin PBXNativeTarget section */
		A38D0EA520DCEA4000F7C932 /* V2EX */ = {
			isa = PBXNativeTarget;
			buildConfigurationList = A38D0EB820DCEA4100F7C932 /* Build configuration list for PBXNativeTarget "V2EX" */;
			buildPhases = (
				7F33784E7A5EB384EF89C6EA /* [CP] Check Pods Manifest.lock */,
				A38D0EA220DCEA4000F7C932 /* Sources */,
				A38D0EA320DCEA4000F7C932 /* Frameworks */,
				A38D0EA420DCEA4000F7C932 /* Resources */,
				44AB662F88C22F387C484023 /* [CP] Embed Pods Frameworks */,
			);
			buildRules = (
			);
			dependencies = (
			);
			name = V2EX;
			productName = V2EX;
			productReference = A38D0EA620DCEA4000F7C932 /* V2EX.app */;
			productType = "com.apple.product-type.application";
		};
/* End PBXNativeTarget section */

/* Begin PBXProject section */
		A38D0E9E20DCEA4000F7C932 /* Project object */ = {
			isa = PBXProject;
			attributes = {
				LastSwiftUpdateCheck = 0940;
				LastUpgradeCheck = 0940;
				ORGANIZATIONNAME = shuifeng.me;
				TargetAttributes = {
					A38D0EA520DCEA4000F7C932 = {
						CreatedOnToolsVersion = 9.4.1;
					};
				};
			};
			buildConfigurationList = A38D0EA120DCEA4000F7C932 /* Build configuration list for PBXProject "V2EX" */;
			compatibilityVersion = "Xcode 9.3";
			developmentRegion = en;
			hasScannedForEncodings = 0;
			knownRegions = (
				en,
				Base,
			);
			mainGroup = A38D0E9D20DCEA4000F7C932;
			productRefGroup = A38D0EA720DCEA4000F7C932 /* Products */;
			projectDirPath = "";
			projectRoot = "";
			targets = (
				A38D0EA520DCEA4000F7C932 /* V2EX */,
			);
		};
/* End PBXProject section */

/* Begin PBXResourcesBuildPhase section */
		A38D0EA420DCEA4000F7C932 /* Resources */ = {
			isa = PBXResourcesBuildPhase;
			buildActionMask = 2147483647;
			files = (
				A38D0EB420DCEA4100F7C932 /* LaunchScreen.storyboard in Resources */,
				A38D0EB120DCEA4100F7C932 /* Assets.xcassets in Resources */,
				A379E9BC210DF33900FA2169 /* style.css in Resources */,
				A38D0EAF20DCEA4000F7C932 /* Main.storyboard in Resources */,
				A358549320E2045600C76393 /* Settings.storyboard in Resources */,
			);
			runOnlyForDeploymentPostprocessing = 0;
		};
/* End PBXResourcesBuildPhase section */

/* Begin PBXShellScriptBuildPhase section */
		44AB662F88C22F387C484023 /* [CP] Embed Pods Frameworks */ = {
			isa = PBXShellScriptBuildPhase;
			buildActionMask = 2147483647;
			files = (
			);
			inputPaths = (
				"${SRCROOT}/Pods/Target Support Files/Pods-V2EX/Pods-V2EX-frameworks.sh",
				"${BUILT_PRODUCTS_DIR}/Alamofire/Alamofire.framework",
				"${BUILT_PRODUCTS_DIR}/GenericNetworking/GenericNetworking.framework",
				"${BUILT_PRODUCTS_DIR}/Kingfisher/Kingfisher.framework",
				"${BUILT_PRODUCTS_DIR}/MJRefresh/MJRefresh.framework",
				"${BUILT_PRODUCTS_DIR}/SQLiteKit/SQLiteKit.framework",
				"${BUILT_PRODUCTS_DIR}/SlideMenuControllerSwift/SlideMenuControllerSwift.framework",
				"${BUILT_PRODUCTS_DIR}/SnapKit/SnapKit.framework",
				"${BUILT_PRODUCTS_DIR}/SwiftSoup/SwiftSoup.framework",
				"${BUILT_PRODUCTS_DIR}/V2SDK/V2SDK.framework",
			);
			name = "[CP] Embed Pods Frameworks";
			outputPaths = (
				"${TARGET_BUILD_DIR}/${FRAMEWORKS_FOLDER_PATH}/Alamofire.framework",
				"${TARGET_BUILD_DIR}/${FRAMEWORKS_FOLDER_PATH}/GenericNetworking.framework",
				"${TARGET_BUILD_DIR}/${FRAMEWORKS_FOLDER_PATH}/Kingfisher.framework",
				"${TARGET_BUILD_DIR}/${FRAMEWORKS_FOLDER_PATH}/MJRefresh.framework",
				"${TARGET_BUILD_DIR}/${FRAMEWORKS_FOLDER_PATH}/SQLiteKit.framework",
				"${TARGET_BUILD_DIR}/${FRAMEWORKS_FOLDER_PATH}/SlideMenuControllerSwift.framework",
				"${TARGET_BUILD_DIR}/${FRAMEWORKS_FOLDER_PATH}/SnapKit.framework",
				"${TARGET_BUILD_DIR}/${FRAMEWORKS_FOLDER_PATH}/SwiftSoup.framework",
				"${TARGET_BUILD_DIR}/${FRAMEWORKS_FOLDER_PATH}/V2SDK.framework",
			);
			runOnlyForDeploymentPostprocessing = 0;
			shellPath = /bin/sh;
			shellScript = "\"${SRCROOT}/Pods/Target Support Files/Pods-V2EX/Pods-V2EX-frameworks.sh\"\n";
			showEnvVarsInLog = 0;
		};
		7F33784E7A5EB384EF89C6EA /* [CP] Check Pods Manifest.lock */ = {
			isa = PBXShellScriptBuildPhase;
			buildActionMask = 2147483647;
			files = (
			);
			inputPaths = (
				"${PODS_PODFILE_DIR_PATH}/Podfile.lock",
				"${PODS_ROOT}/Manifest.lock",
			);
			name = "[CP] Check Pods Manifest.lock";
			outputPaths = (
				"$(DERIVED_FILE_DIR)/Pods-V2EX-checkManifestLockResult.txt",
			);
			runOnlyForDeploymentPostprocessing = 0;
			shellPath = /bin/sh;
			shellScript = "diff \"${PODS_PODFILE_DIR_PATH}/Podfile.lock\" \"${PODS_ROOT}/Manifest.lock\" > /dev/null\nif [ $? != 0 ] ; then\n    # print error to STDERR\n    echo \"error: The sandbox is not in sync with the Podfile.lock. Run 'pod install' or update your CocoaPods installation.\" >&2\n    exit 1\nfi\n# This output is used by Xcode 'outputs' to avoid re-running this script phase.\necho \"SUCCESS\" > \"${SCRIPT_OUTPUT_FILE_0}\"\n";
			showEnvVarsInLog = 0;
		};
/* End PBXShellScriptBuildPhase section */

/* Begin PBXSourcesBuildPhase section */
		A38D0EA220DCEA4000F7C932 /* Sources */ = {
			isa = PBXSourcesBuildPhase;
			buildActionMask = 2147483647;
			files = (
				A3704DD620E0FA950052576D /* StringExtensions.swift in Sources */,
				A358548420E1D51600C76393 /* TopicDetailViewController.swift in Sources */,
				A358549020E1F4A600C76393 /* TopicCommentViewCell.swift in Sources */,
				A379E9BA210DCFE000FA2169 /* TopicDetailViewCell.swift in Sources */,
				A3704DD320E0EB8F0052576D /* TimelineViewCell.swift in Sources */,
				A358549920E2071900C76393 /* UIStoryboardExtensions.swift in Sources */,
				A38D0EAA20DCEA4000F7C932 /* AppDelegate.swift in Sources */,
				A3A39CA720E181F0000B07F0 /* TabMenuViewController.swift in Sources */,
				A3A39CA920E182C4000B07F0 /* HomeMenuViewController.swift in Sources */,
				A3704DD820E1084F0052576D /* NodeViewController.swift in Sources */,
				A38D0EC820DD060900F7C932 /* TimelineViewController.swift in Sources */,
				A358548620E1D5A000C76393 /* LoginViewController.swift in Sources */,
				A358549720E205E600C76393 /* SettingsViewController.swift in Sources */,
				A3A39CA520E181A4000B07F0 /* Theme.swift in Sources */,
				A392D11721102E6600CCFDDD /* TimelineHeaderView.swift in Sources */,
				A358549520E2048300C76393 /* OpenSourceViewController.swift in Sources */,
			);
			runOnlyForDeploymentPostprocessing = 0;
		};
/* End PBXSourcesBuildPhase section */

/* Begin PBXVariantGroup section */
		A38D0EAD20DCEA4000F7C932 /* Main.storyboard */ = {
			isa = PBXVariantGroup;
			children = (
				A38D0EAE20DCEA4000F7C932 /* Base */,
			);
			name = Main.storyboard;
			sourceTree = "<group>";
		};
		A38D0EB220DCEA4100F7C932 /* LaunchScreen.storyboard */ = {
			isa = PBXVariantGroup;
			children = (
				A38D0EB320DCEA4100F7C932 /* Base */,
			);
			name = LaunchScreen.storyboard;
			sourceTree = "<group>";
		};
/* End PBXVariantGroup section */

/* Begin XCBuildConfiguration section */
		A38D0EB620DCEA4100F7C932 /* Debug */ = {
			isa = XCBuildConfiguration;
			buildSettings = {
				ALWAYS_SEARCH_USER_PATHS = NO;
				CLANG_ANALYZER_NONNULL = YES;
				CLANG_ANALYZER_NUMBER_OBJECT_CONVERSION = YES_AGGRESSIVE;
				CLANG_CXX_LANGUAGE_STANDARD = "gnu++14";
				CLANG_CXX_LIBRARY = "libc++";
				CLANG_ENABLE_MODULES = YES;
				CLANG_ENABLE_OBJC_ARC = YES;
				CLANG_ENABLE_OBJC_WEAK = YES;
				CLANG_WARN_BLOCK_CAPTURE_AUTORELEASING = YES;
				CLANG_WARN_BOOL_CONVERSION = YES;
				CLANG_WARN_COMMA = YES;
				CLANG_WARN_CONSTANT_CONVERSION = YES;
				CLANG_WARN_DEPRECATED_OBJC_IMPLEMENTATIONS = YES;
				CLANG_WARN_DIRECT_OBJC_ISA_USAGE = YES_ERROR;
				CLANG_WARN_DOCUMENTATION_COMMENTS = YES;
				CLANG_WARN_EMPTY_BODY = YES;
				CLANG_WARN_ENUM_CONVERSION = YES;
				CLANG_WARN_INFINITE_RECURSION = YES;
				CLANG_WARN_INT_CONVERSION = YES;
				CLANG_WARN_NON_LITERAL_NULL_CONVERSION = YES;
				CLANG_WARN_OBJC_IMPLICIT_RETAIN_SELF = YES;
				CLANG_WARN_OBJC_LITERAL_CONVERSION = YES;
				CLANG_WARN_OBJC_ROOT_CLASS = YES_ERROR;
				CLANG_WARN_RANGE_LOOP_ANALYSIS = YES;
				CLANG_WARN_STRICT_PROTOTYPES = YES;
				CLANG_WARN_SUSPICIOUS_MOVE = YES;
				CLANG_WARN_UNGUARDED_AVAILABILITY = YES_AGGRESSIVE;
				CLANG_WARN_UNREACHABLE_CODE = YES;
				CLANG_WARN__DUPLICATE_METHOD_MATCH = YES;
				CODE_SIGN_IDENTITY = "iPhone Developer";
				COPY_PHASE_STRIP = NO;
				DEBUG_INFORMATION_FORMAT = dwarf;
				ENABLE_STRICT_OBJC_MSGSEND = YES;
				ENABLE_TESTABILITY = YES;
				GCC_C_LANGUAGE_STANDARD = gnu11;
				GCC_DYNAMIC_NO_PIC = NO;
				GCC_NO_COMMON_BLOCKS = YES;
				GCC_OPTIMIZATION_LEVEL = 0;
				GCC_PREPROCESSOR_DEFINITIONS = (
					"DEBUG=1",
					"$(inherited)",
				);
				GCC_WARN_64_TO_32_BIT_CONVERSION = YES;
				GCC_WARN_ABOUT_RETURN_TYPE = YES_ERROR;
				GCC_WARN_UNDECLARED_SELECTOR = YES;
				GCC_WARN_UNINITIALIZED_AUTOS = YES_AGGRESSIVE;
				GCC_WARN_UNUSED_FUNCTION = YES;
				GCC_WARN_UNUSED_VARIABLE = YES;
				IPHONEOS_DEPLOYMENT_TARGET = 11.4;
				MTL_ENABLE_DEBUG_INFO = YES;
				ONLY_ACTIVE_ARCH = YES;
				SDKROOT = iphoneos;
				SWIFT_ACTIVE_COMPILATION_CONDITIONS = DEBUG;
				SWIFT_OPTIMIZATION_LEVEL = "-Onone";
			};
			name = Debug;
		};
		A38D0EB720DCEA4100F7C932 /* Release */ = {
			isa = XCBuildConfiguration;
			buildSettings = {
				ALWAYS_SEARCH_USER_PATHS = NO;
				CLANG_ANALYZER_NONNULL = YES;
				CLANG_ANALYZER_NUMBER_OBJECT_CONVERSION = YES_AGGRESSIVE;
				CLANG_CXX_LANGUAGE_STANDARD = "gnu++14";
				CLANG_CXX_LIBRARY = "libc++";
				CLANG_ENABLE_MODULES = YES;
				CLANG_ENABLE_OBJC_ARC = YES;
				CLANG_ENABLE_OBJC_WEAK = YES;
				CLANG_WARN_BLOCK_CAPTURE_AUTORELEASING = YES;
				CLANG_WARN_BOOL_CONVERSION = YES;
				CLANG_WARN_COMMA = YES;
				CLANG_WARN_CONSTANT_CONVERSION = YES;
				CLANG_WARN_DEPRECATED_OBJC_IMPLEMENTATIONS = YES;
				CLANG_WARN_DIRECT_OBJC_ISA_USAGE = YES_ERROR;
				CLANG_WARN_DOCUMENTATION_COMMENTS = YES;
				CLANG_WARN_EMPTY_BODY = YES;
				CLANG_WARN_ENUM_CONVERSION = YES;
				CLANG_WARN_INFINITE_RECURSION = YES;
				CLANG_WARN_INT_CONVERSION = YES;
				CLANG_WARN_NON_LITERAL_NULL_CONVERSION = YES;
				CLANG_WARN_OBJC_IMPLICIT_RETAIN_SELF = YES;
				CLANG_WARN_OBJC_LITERAL_CONVERSION = YES;
				CLANG_WARN_OBJC_ROOT_CLASS = YES_ERROR;
				CLANG_WARN_RANGE_LOOP_ANALYSIS = YES;
				CLANG_WARN_STRICT_PROTOTYPES = YES;
				CLANG_WARN_SUSPICIOUS_MOVE = YES;
				CLANG_WARN_UNGUARDED_AVAILABILITY = YES_AGGRESSIVE;
				CLANG_WARN_UNREACHABLE_CODE = YES;
				CLANG_WARN__DUPLICATE_METHOD_MATCH = YES;
				CODE_SIGN_IDENTITY = "iPhone Developer";
				COPY_PHASE_STRIP = NO;
				DEBUG_INFORMATION_FORMAT = "dwarf-with-dsym";
				ENABLE_NS_ASSERTIONS = NO;
				ENABLE_STRICT_OBJC_MSGSEND = YES;
				GCC_C_LANGUAGE_STANDARD = gnu11;
				GCC_NO_COMMON_BLOCKS = YES;
				GCC_WARN_64_TO_32_BIT_CONVERSION = YES;
				GCC_WARN_ABOUT_RETURN_TYPE = YES_ERROR;
				GCC_WARN_UNDECLARED_SELECTOR = YES;
				GCC_WARN_UNINITIALIZED_AUTOS = YES_AGGRESSIVE;
				GCC_WARN_UNUSED_FUNCTION = YES;
				GCC_WARN_UNUSED_VARIABLE = YES;
				IPHONEOS_DEPLOYMENT_TARGET = 11.4;
				MTL_ENABLE_DEBUG_INFO = NO;
				SDKROOT = iphoneos;
				SWIFT_COMPILATION_MODE = wholemodule;
				SWIFT_OPTIMIZATION_LEVEL = "-O";
				VALIDATE_PRODUCT = YES;
			};
			name = Release;
		};
		A38D0EB920DCEA4100F7C932 /* Debug */ = {
			isa = XCBuildConfiguration;
			baseConfigurationReference = A5FB8519D0C8263AA786EE50 /* Pods-V2EX.debug.xcconfig */;
			buildSettings = {
				ASSETCATALOG_COMPILER_APPICON_NAME = AppIcon;
				CODE_SIGN_STYLE = Automatic;
				DEVELOPMENT_TEAM = LX863G777H;
				INFOPLIST_FILE = "$(SRCROOT)/V2EX/Supporting Files/Info.plist";
				LD_RUNPATH_SEARCH_PATHS = (
					"$(inherited)",
					"@executable_path/Frameworks",
				);
				PRODUCT_BUNDLE_IDENTIFIER = me.shuifeng.V2EX;
				PRODUCT_NAME = "$(TARGET_NAME)";
				SWIFT_VERSION = 4.0;
				TARGETED_DEVICE_FAMILY = "1,2";
			};
			name = Debug;
		};
		A38D0EBA20DCEA4100F7C932 /* Release */ = {
			isa = XCBuildConfiguration;
			baseConfigurationReference = B4AC35F723942C404A14CBA3 /* Pods-V2EX.release.xcconfig */;
			buildSettings = {
				ASSETCATALOG_COMPILER_APPICON_NAME = AppIcon;
				CODE_SIGN_STYLE = Automatic;
				DEVELOPMENT_TEAM = LX863G777H;
				INFOPLIST_FILE = "$(SRCROOT)/V2EX/Supporting Files/Info.plist";
				LD_RUNPATH_SEARCH_PATHS = (
					"$(inherited)",
					"@executable_path/Frameworks",
				);
				PRODUCT_BUNDLE_IDENTIFIER = me.shuifeng.V2EX;
				PRODUCT_NAME = "$(TARGET_NAME)";
				SWIFT_VERSION = 4.0;
				TARGETED_DEVICE_FAMILY = "1,2";
			};
			name = Release;
		};
/* End XCBuildConfiguration section */

/* Begin XCConfigurationList section */
		A38D0EA120DCEA4000F7C932 /* Build configuration list for PBXProject "V2EX" */ = {
			isa = XCConfigurationList;
			buildConfigurations = (
				A38D0EB620DCEA4100F7C932 /* Debug */,
				A38D0EB720DCEA4100F7C932 /* Release */,
			);
			defaultConfigurationIsVisible = 0;
			defaultConfigurationName = Release;
		};
		A38D0EB820DCEA4100F7C932 /* Build configuration list for PBXNativeTarget "V2EX" */ = {
			isa = XCConfigurationList;
			buildConfigurations = (
				A38D0EB920DCEA4100F7C932 /* Debug */,
				A38D0EBA20DCEA4100F7C932 /* Release */,
			);
			defaultConfigurationIsVisible = 0;
			defaultConfigurationName = Release;
		};
/* End XCConfigurationList section */
	};
	rootObject = A38D0E9E20DCEA4000F7C932 /* Project object */;
}
